{
  "version": 4,
  "terraform_version": "1.15.2",
  "serial": 428,
  "lineage": "aea339ec-94e0-ddbc-f23f-225a3eeae85e",
  "outputs": {
    "app_url": {
      "value": "http://iac1-alb-434208646.eu-west-3.elb.amazonaws.com",
      "type": "string"
    }
  },
  "resources": [
    {
      "module": "module.cache",
      "mode": "managed",
      "type": "aws_elasticache_cluster",
      "name": "main",
      "provider": "provider[\"registry.terraform.io/hashicorp/aws\"]",
      "instances": [
        {
          "schema_version": 0,
          "attributes": {
            "apply_immediately": null,
            "arn": "arn:aws:elasticache:eu-west-3:170542423458:cluster:iac1-redis",
            "auto_minor_version_upgrade": "true",
            "availability_zone": "eu-west-3a",
            "az_mode": "single-az",
            "cache_nodes": [
              {
                "address": "iac1-redis.geckl7.0001.euw3.cache.amazonaws.com",
                "availability_zone": "eu-west-3a",
                "id": "0001",
                "outpost_arn": "",
                "port": 6379
              }
            ],
            "cluster_address": null,
            "cluster_id": "iac1-redis",
            "configuration_endpoint": null,
            "engine": "redis",
            "engine_version": "7.0",
            "engine_version_actual": "7.0.7",
            "final_snapshot_identifier": null,
            "id": "iac1-redis",
            "ip_discovery": "ipv4",
            "log_delivery_configuration": [],
            "maintenance_window": "tue:05:00-tue:06:00",
            "network_type": "ipv4",
            "node_type": "cache.t3.micro",
            "notification_topic_arn": null,
            "num_cache_nodes": 1,
            "outpost_mode": null,
            "parameter_group_name": "iac1-redis-params",
            "port": 6379,
            "preferred_availability_zones": null,
            "preferred_outpost_arn": "",
            "replication_group_id": "",
            "security_group_ids": [
              "sg-09e7ee7671e92b53a"
            ],
            "snapshot_arns": null,
            "snapshot_name": null,
            "snapshot_retention_limit": 0,
            "snapshot_window": "23:30-00:30",
            "subnet_group_name": "iac1-redis-subnet-group",
            "tags": {
              "Name": "iac1-redis"
            },
            "tags_all": {
              "Name": "iac1-redis"
            },
            "timeouts": null,
            "transit_encryption_enabled": false
          },
          "sensitive_attributes": [],
          "identity_schema_version": 0,
          "private": "eyJlMmJmYjczMC1lY2FhLTExZTYtOGY4OC0zNDM2M2JjN2M0YzAiOnsiY3JlYXRlIjoyNDAwMDAwMDAwMDAwLCJkZWxldGUiOjI0MDAwMDAwMDAwMDAsInVwZGF0ZSI6NDgwMDAwMDAwMDAwMH19",
          "dependencies": [
            "module.cache.aws_elasticache_parameter_group.main",
            "module.cache.aws_elasticache_subnet_group.main",
            "module.network.aws_subnet.private_data_a",
            "module.network.aws_subnet.private_data_b",
            "module.network.aws_vpc.main",
            "module.security.aws_security_group.alb",
            "module.security.aws_security_group.app",
            "module.security.aws_security_group.redis"
          ],
          "create_before_destroy": true
        }
      ]
    },
    {
      "module": "module.cache",
      "mode": "managed",
      "type": "aws_elasticache_parameter_group",
      "name": "main",
      "provider": "provider[\"registry.terraform.io/hashicorp/aws\"]",
      "instances": [
        {
          "schema_version": 0,
          "attributes": {
            "arn": "arn:aws:elasticache:eu-west-3:170542423458:parametergroup:iac1-redis-params",
            "description": "Parameter group for Redis 7",
            "family": "redis7",
            "id": "iac1-redis-params",
            "name": "iac1-redis-params",
            "parameter": [
              {
                "name": "maxmemory-policy",
                "value": "allkeys-lru"
              }
            ],
            "tags": {
              "Name": "iac1-redis-params"
            },
            "tags_all": {
              "Name": "iac1-redis-params"
            }
          },
          "sensitive_attributes": [],
          "identity_schema_version": 0,
          "private": "bnVsbA==",
          "create_before_destroy": true
        }
      ]
    },
    {
      "module": "module.cache",
      "mode": "managed",
      "type": "aws_elasticache_subnet_group",
      "name": "main",
      "provider": "provider[\"registry.terraform.io/hashicorp/aws\"]",
      "instances": [
        {
          "schema_version": 0,
          "attributes": {
            "arn": "arn:aws:elasticache:eu-west-3:170542423458:subnetgroup:iac1-redis-subnet-group",
            "description": "Subnet group for ElastiCache Redis",
            "id": "iac1-redis-subnet-group",
            "name": "iac1-redis-subnet-group",
            "subnet_ids": [
              "subnet-00a4a1c3dbd7a50eb",
              "subnet-0a2d7e3f4ad400347"
            ],
            "tags": {
              "Name": "iac1-redis-subnet-group"
            },
            "tags_all": {
              "Name": "iac1-redis-subnet-group"
            },
            "vpc_id": "vpc-0c12f72243f6e576a"
          },
          "sensitive_attributes": [],
          "identity_schema_version": 0,
          "private": "bnVsbA==",
          "dependencies": [
            "module.network.aws_subnet.private_data_a",
            "module.network.aws_subnet.private_data_b",
            "module.network.aws_vpc.main"
          ],
          "create_before_destroy": true
        }
      ]
    },
    {
      "module": "module.compute",
      "mode": "data",
      "type": "aws_ami",
      "name": "ubuntu",
      "provider": "provider[\"registry.terraform.io/hashicorp/aws\"]",
      "instances": [
        {
          "schema_version": 0,
          "attributes": {
            "architecture": "x86_64",
            "arn": "arn:aws:ec2:eu-west-3::image/ami-073bfc958ad7786ad",
            "block_device_mappings": [
              {
                "device_name": "/dev/sda1",
                "ebs": {
                  "delete_on_termination": "true",
                  "encrypted": "false",
                  "iops": "0",
                  "snapshot_id": "snap-0284a72b5be02f018",
                  "throughput": "0",
                  "volume_initialization_rate": "0",
                  "volume_size": "8",
                  "volume_type": "gp2"
                },
                "no_device": "",
                "virtual_name": ""
              },
              {
                "device_name": "/dev/sdb",
                "ebs": {},
                "no_device": "",
                "virtual_name": "ephemeral0"
              },
              {
                "device_name": "/dev/sdc",
                "ebs": {},
                "no_device": "",
                "virtual_name": "ephemeral1"
              }
            ],
            "boot_mode": "uefi-preferred",
            "creation_date": "2026-05-21T07:01:12.000Z",
            "deprecation_time": "2028-05-21T07:01:12.000Z",
            "description": "Canonical, Ubuntu, 22.04, amd64 jammy image",
            "ena_support": true,
            "executable_users": null,
            "filter": [
              {
                "name": "name",
                "values": [
                  "ubuntu/images/hvm-ssd/ubuntu-jammy-22.04-amd64-server-*"
                ]
              },
              {
                "name": "virtualization-type",
                "values": [
                  "hvm"
                ]
              }
            ],
            "hypervisor": "xen",
            "id": "ami-073bfc958ad7786ad",
            "image_id": "ami-073bfc958ad7786ad",
            "image_location": "amazon/ubuntu/images/hvm-ssd/ubuntu-jammy-22.04-amd64-server-20260521",
            "image_owner_alias": "amazon",
            "image_type": "machine",
            "imds_support": "",
            "include_deprecated": false,
            "kernel_id": "",
            "last_launched_time": "",
            "most_recent": true,
            "name": "ubuntu/images/hvm-ssd/ubuntu-jammy-22.04-amd64-server-20260521",
            "name_regex": null,
            "owner_id": "099720109477",
            "owners": [
              "099720109477"
            ],
            "platform": "",
            "platform_details": "Linux/UNIX",
            "product_codes": [],
            "public": true,
            "ramdisk_id": "",
            "root_device_name": "/dev/sda1",
            "root_device_type": "ebs",
            "root_snapshot_id": "snap-0284a72b5be02f018",
            "sriov_net_support": "simple",
            "state": "available",
            "state_reason": {
              "code": "UNSET",
              "message": "UNSET"
            },
            "tags": {},
            "timeouts": null,
            "tpm_support": "",
            "uefi_data": null,
            "usage_operation": "RunInstances",
            "virtualization_type": "hvm"
          },
          "sensitive_attributes": [],
          "identity_schema_version": 0
        }
      ]
    },
    {
      "module": "module.compute",
      "mode": "managed",
      "type": "aws_autoscaling_group",
      "name": "app",
      "provider": "provider[\"registry.terraform.io/hashicorp/aws\"]",
      "instances": [
        {
          "schema_version": 1,
          "attributes": {
            "arn": "arn:aws:autoscaling:eu-west-3:170542423458:autoScalingGroup:2130de1e-5dfb-4085-a202-64e4cfac3257:autoScalingGroupName/iac1-asg",
            "availability_zone_distribution": [
              {
                "capacity_distribution_strategy": "balanced-best-effort"
              }
            ],
            "availability_zones": [
              "eu-west-3a",
              "eu-west-3b"
            ],
            "capacity_rebalance": false,
            "capacity_reservation_specification": [
              {
                "capacity_reservation_preference": "default",
                "capacity_reservation_target": []
              }
            ],
            "context": "",
            "default_cooldown": 300,
            "default_instance_warmup": 0,
            "desired_capacity": 2,
            "desired_capacity_type": "",
            "enabled_metrics": null,
            "force_delete": false,
            "force_delete_warm_pool": false,
            "health_check_grace_period": 120,
            "health_check_type": "ELB",
            "id": "iac1-asg",
            "ignore_failed_scaling_activities": false,
            "initial_lifecycle_hook": [],
            "instance_maintenance_policy": [],
            "instance_refresh": [
              {
                "preferences": [
                  {
                    "alarm_specification": [],
                    "auto_rollback": false,
                    "checkpoint_delay": "",
                    "checkpoint_percentages": null,
                    "instance_warmup": "",
                    "max_healthy_percentage": 100,
                    "min_healthy_percentage": 50,
                    "scale_in_protected_instances": "Ignore",
                    "skip_matching": false,
                    "standby_instances": "Ignore"
                  }
                ],
                "strategy": "Rolling",
                "triggers": null
              }
            ],
            "launch_configuration": "",
            "launch_template": [
              {
                "id": "lt-0a06324c87a50d5d0",
                "name": "iac1-lt-2026060109424231290000000a",
                "version": "$Latest"
              }
            ],
            "load_balancers": [],
            "max_instance_lifetime": 0,
            "max_size": 4,
            "metrics_granularity": "1Minute",
            "min_elb_capacity": null,
            "min_size": 2,
            "mixed_instances_policy": [],
            "name": "iac1-asg",
            "name_prefix": "",
            "placement_group": "",
            "predicted_capacity": 0,
            "protect_from_scale_in": false,
            "service_linked_role_arn": "arn:aws:iam::170542423458:role/aws-service-role/autoscaling.amazonaws.com/AWSServiceRoleForAutoScaling",
            "suspended_processes": null,
            "tag": [
              {
                "key": "Name",
                "propagate_at_launch": true,
                "value": "iac1-app"
              }
            ],
            "target_group_arns": [
              "arn:aws:elasticloadbalancing:eu-west-3:170542423458:targetgroup/iac1-tg/4faafeff397a32ca"
            ],
            "termination_policies": null,
            "timeouts": null,
            "traffic_source": [
              {
                "identifier": "arn:aws:elasticloadbalancing:eu-west-3:170542423458:targetgroup/iac1-tg/4faafeff397a32ca",
                "type": "elbv2"
              }
            ],
            "vpc_zone_identifier": [
              "subnet-078613325ac97d79f",
              "subnet-0d1dd359bc736e19d"
            ],
            "wait_for_capacity_timeout": "10m",
            "wait_for_elb_capacity": null,
            "warm_pool": [],
            "warm_pool_size": 0
          },
          "sensitive_attributes": [],
          "identity_schema_version": 0,
          "private": "eyJlMmJmYjczMC1lY2FhLTExZTYtOGY4OC0zNDM2M2JjN2M0YzAiOnsiZGVsZXRlIjo2MDAwMDAwMDAwMDAsInVwZGF0ZSI6NjAwMDAwMDAwMDAwfSwic2NoZW1hX3ZlcnNpb24iOiIxIn0=",
          "dependencies": [
            "module.cache.aws_elasticache_cluster.main",
            "module.cache.aws_elasticache_parameter_group.main",
            "module.cache.aws_elasticache_subnet_group.main",
            "module.compute.aws_key_pair.main",
            "module.compute.aws_launch_template.app",
            "module.compute.data.aws_ami.ubuntu",
            "module.database.aws_db_instance.main",
            "module.database.aws_db_parameter_group.main",
            "module.database.aws_db_subnet_group.main",
            "module.loadbalancer.aws_lb_target_group.app",
            "module.network.aws_subnet.private_app_a",
            "module.network.aws_subnet.private_app_b",
            "module.network.aws_subnet.private_data_a",
            "module.network.aws_subnet.private_data_b",
            "module.network.aws_vpc.main",
            "module.secrets.aws_iam_instance_profile.ec2_profile",
            "module.secrets.aws_iam_role.ec2_role",
            "module.secrets.aws_secretsmanager_secret.db_password",
            "module.secrets.aws_secretsmanager_secret.session_secret",
            "module.security.aws_security_group.alb",
            "module.security.aws_security_group.app",
            "module.security.aws_security_group.rds",
            "module.security.aws_security_group.redis"
          ],
          "create_before_destroy": true
        }
      ]
    },
    {
      "module": "module.compute",
      "mode": "managed",
      "type": "aws_autoscaling_policy",
      "name": "scale_down",
      "provider": "provider[\"registry.terraform.io/hashicorp/aws\"]",
      "instances": [
        {
          "schema_version": 0,
          "attributes": {
            "adjustment_type": "ChangeInCapacity",
            "arn": "arn:aws:autoscaling:eu-west-3:170542423458:scalingPolicy:8c4ff33b-5f06-430b-8141-ed9432271c81:autoScalingGroupName/iac1-asg:policyName/iac1-scale-down",
            "autoscaling_group_name": "iac1-asg",
            "cooldown": 300,
            "enabled": true,
            "estimated_instance_warmup": 0,
            "id": "iac1-scale-down",
            "metric_aggregation_type": "",
            "min_adjustment_magnitude": 0,
            "name": "iac1-scale-down",
            "policy_type": "SimpleScaling",
            "predictive_scaling_configuration": [],
            "scaling_adjustment": -1,
            "step_adjustment": [],
            "target_tracking_configuration": []
          },
          "sensitive_attributes": [],
          "identity_schema_version": 0,
          "private": "bnVsbA==",
          "dependencies": [
            "module.cache.aws_elasticache_cluster.main",
            "module.cache.aws_elasticache_parameter_group.main",
            "module.cache.aws_elasticache_subnet_group.main",
            "module.compute.aws_autoscaling_group.app",
            "module.compute.aws_key_pair.main",
            "module.compute.aws_launch_template.app",
            "module.compute.data.aws_ami.ubuntu",
            "module.database.aws_db_instance.main",
            "module.database.aws_db_parameter_group.main",
            "module.database.aws_db_subnet_group.main",
            "module.loadbalancer.aws_lb_target_group.app",
            "module.network.aws_subnet.private_app_a",
            "module.network.aws_subnet.private_app_b",
            "module.network.aws_subnet.private_data_a",
            "module.network.aws_subnet.private_data_b",
            "module.network.aws_vpc.main",
            "module.secrets.aws_iam_instance_profile.ec2_profile",
            "module.secrets.aws_iam_role.ec2_role",
            "module.secrets.aws_secretsmanager_secret.db_password",
            "module.secrets.aws_secretsmanager_secret.session_secret",
            "module.security.aws_security_group.alb",
            "module.security.aws_security_group.app",
            "module.security.aws_security_group.rds",
            "module.security.aws_security_group.redis"
          ]
        }
      ]
    },
    {
      "module": "module.compute",
      "mode": "managed",
      "type": "aws_autoscaling_policy",
      "name": "scale_up",
      "provider": "provider[\"registry.terraform.io/hashicorp/aws\"]",
      "instances": [
        {
          "schema_version": 0,
          "attributes": {
            "adjustment_type": "ChangeInCapacity",
            "arn": "arn:aws:autoscaling:eu-west-3:170542423458:scalingPolicy:6ad80bbe-4356-41c4-be68-fad641b91bdd:autoScalingGroupName/iac1-asg:policyName/iac1-scale-up",
            "autoscaling_group_name": "iac1-asg",
            "cooldown": 120,
            "enabled": true,
            "estimated_instance_warmup": 0,
            "id": "iac1-scale-up",
            "metric_aggregation_type": "",
            "min_adjustment_magnitude": 0,
            "name": "iac1-scale-up",
            "policy_type": "SimpleScaling",
            "predictive_scaling_configuration": [],
            "scaling_adjustment": 1,
            "step_adjustment": [],
            "target_tracking_configuration": []
          },
          "sensitive_attributes": [],
          "identity_schema_version": 0,
          "private": "bnVsbA==",
          "dependencies": [
            "module.cache.aws_elasticache_cluster.main",
            "module.cache.aws_elasticache_parameter_group.main",
            "module.cache.aws_elasticache_subnet_group.main",
            "module.compute.aws_autoscaling_group.app",
            "module.compute.aws_key_pair.main",
            "module.compute.aws_launch_template.app",
            "module.compute.data.aws_ami.ubuntu",
            "module.database.aws_db_instance.main",
            "module.database.aws_db_parameter_group.main",
            "module.database.aws_db_subnet_group.main",
            "module.loadbalancer.aws_lb_target_group.app",
            "module.network.aws_subnet.private_app_a",
            "module.network.aws_subnet.private_app_b",
            "module.network.aws_subnet.private_data_a",
            "module.network.aws_subnet.private_data_b",
            "module.network.aws_vpc.main",
            "module.secrets.aws_iam_instance_profile.ec2_profile",
            "module.secrets.aws_iam_role.ec2_role",
            "module.secrets.aws_secretsmanager_secret.db_password",
            "module.secrets.aws_secretsmanager_secret.session_secret",
            "module.security.aws_security_group.alb",
            "module.security.aws_security_group.app",
            "module.security.aws_security_group.rds",
            "module.security.aws_security_group.redis"
          ]
        }
      ]
    },
    {
      "module": "module.compute",
      "mode": "managed",
      "type": "aws_cloudwatch_metric_alarm",
      "name": "cpu_high",
      "provider": "provider[\"registry.terraform.io/hashicorp/aws\"]",
      "instances": [
        {
          "schema_version": 1,
          "attributes": {
            "actions_enabled": true,
            "alarm_actions": [
              "arn:aws:autoscaling:eu-west-3:170542423458:scalingPolicy:6ad80bbe-4356-41c4-be68-fad641b91bdd:autoScalingGroupName/iac1-asg:policyName/iac1-scale-up"
            ],
            "alarm_description": "Scale up when CPU \u003e 70% for 2min",
            "alarm_name": "iac1-cpu-high",
            "arn": "arn:aws:cloudwatch:eu-west-3:170542423458:alarm:iac1-cpu-high",
            "comparison_operator": "GreaterThanThreshold",
            "datapoints_to_alarm": 0,
            "dimensions": {
              "AutoscalingGroupName": "iac1-asg"
            },
            "evaluate_low_sample_count_percentiles": "",
            "evaluation_periods": 2,
            "extended_statistic": "",
            "id": "iac1-cpu-high",
            "insufficient_data_actions": null,
            "metric_name": "CPUUtilization",
            "metric_query": [],
            "namespace": "AWS/EC2",
            "ok_actions": null,
            "period": 60,
            "statistic": "Average",
            "tags": null,
            "tags_all": {},
            "threshold": 70,
            "threshold_metric_id": "",
            "treat_missing_data": "missing",
            "unit": ""
          },
          "sensitive_attributes": [],
          "identity_schema_version": 0,
          "private": "eyJzY2hlbWFfdmVyc2lvbiI6IjEifQ==",
          "dependencies": [
            "module.cache.aws_elasticache_cluster.main",
            "module.cache.aws_elasticache_parameter_group.main",
            "module.cache.aws_elasticache_subnet_group.main",
            "module.compute.aws_autoscaling_group.app",
            "module.compute.aws_autoscaling_policy.scale_up",
            "module.compute.aws_key_pair.main",
            "module.compute.aws_launch_template.app",
            "module.compute.data.aws_ami.ubuntu",
            "module.database.aws_db_instance.main",
            "module.database.aws_db_parameter_group.main",
            "module.database.aws_db_subnet_group.main",
            "module.loadbalancer.aws_lb_target_group.app",
            "module.network.aws_subnet.private_app_a",
            "module.network.aws_subnet.private_app_b",
            "module.network.aws_subnet.private_data_a",
            "module.network.aws_subnet.private_data_b",
            "module.network.aws_vpc.main",
            "module.secrets.aws_iam_instance_profile.ec2_profile",
            "module.secrets.aws_iam_role.ec2_role",
            "module.secrets.aws_secretsmanager_secret.db_password",
            "module.secrets.aws_secretsmanager_secret.session_secret",
            "module.security.aws_security_group.alb",
            "module.security.aws_security_group.app",
            "module.security.aws_security_group.rds",
            "module.security.aws_security_group.redis"
          ]
        }
      ]
    },
    {
      "module": "module.compute",
      "mode": "managed",
      "type": "aws_cloudwatch_metric_alarm",
      "name": "cpu_low",
      "provider": "provider[\"registry.terraform.io/hashicorp/aws\"]",
      "instances": [
        {
          "schema_version": 1,
          "attributes": {
            "actions_enabled": true,
            "alarm_actions": [
              "arn:aws:autoscaling:eu-west-3:170542423458:scalingPolicy:8c4ff33b-5f06-430b-8141-ed9432271c81:autoScalingGroupName/iac1-asg:policyName/iac1-scale-down"
            ],
            "alarm_description": "Scale down when CPU \u003e 30% for 5min",
            "alarm_name": "iac1-cpu-low",
            "arn": "arn:aws:cloudwatch:eu-west-3:170542423458:alarm:iac1-cpu-low",
            "comparison_operator": "LessThanThreshold",
            "datapoints_to_alarm": 0,
            "dimensions": {
              "AutoscalingGroupName": "iac1-asg"
            },
            "evaluate_low_sample_count_percentiles": "",
            "evaluation_periods": 5,
            "extended_statistic": "",
            "id": "iac1-cpu-low",
            "insufficient_data_actions": null,
            "metric_name": "CPUUtilization",
            "metric_query": [],
            "namespace": "AWS/EC2",
            "ok_actions": null,
            "period": 60,
            "statistic": "Average",
            "tags": null,
            "tags_all": {},
            "threshold": 30,
            "threshold_metric_id": "",
            "treat_missing_data": "missing",
            "unit": ""
          },
          "sensitive_attributes": [],
          "identity_schema_version": 0,
          "private": "eyJzY2hlbWFfdmVyc2lvbiI6IjEifQ==",
          "dependencies": [
            "module.cache.aws_elasticache_cluster.main",
            "module.cache.aws_elasticache_parameter_group.main",
            "module.cache.aws_elasticache_subnet_group.main",
            "module.compute.aws_autoscaling_group.app",
            "module.compute.aws_autoscaling_policy.scale_down",
            "module.compute.aws_key_pair.main",
            "module.compute.aws_launch_template.app",
            "module.compute.data.aws_ami.ubuntu",
            "module.database.aws_db_instance.main",
            "module.database.aws_db_parameter_group.main",
            "module.database.aws_db_subnet_group.main",
            "module.loadbalancer.aws_lb_target_group.app",
            "module.network.aws_subnet.private_app_a",
            "module.network.aws_subnet.private_app_b",
            "module.network.aws_subnet.private_data_a",
            "module.network.aws_subnet.private_data_b",
            "module.network.aws_vpc.main",
            "module.secrets.aws_iam_instance_profile.ec2_profile",
            "module.secrets.aws_iam_role.ec2_role",
            "module.secrets.aws_secretsmanager_secret.db_password",
            "module.secrets.aws_secretsmanager_secret.session_secret",
            "module.security.aws_security_group.alb",
            "module.security.aws_security_group.app",
            "module.security.aws_security_group.rds",
            "module.security.aws_security_group.redis"
          ]
        }
      ]
    },
    {
      "module": "module.compute",
      "mode": "managed",
      "type": "aws_key_pair",
      "name": "main",
      "provider": "provider[\"registry.terraform.io/hashicorp/aws\"]",
      "instances": [
        {
          "schema_version": 1,
          "attributes": {
            "arn": "arn:aws:ec2:eu-west-3:170542423458:key-pair/iac1-key",
            "fingerprint": "63:3a:b8:33:f0:d8:fd:4b:ab:38:07:76:25:38:97:48",
            "id": "iac1-key",
            "key_name": "iac1-key",
            "key_name_prefix": "",
            "key_pair_id": "key-06b91f3f04491b925",
            "key_type": "rsa",
            "public_key": "ssh-rsa AAAAB3NzaC1yc2EAAAADAQABAAACAQDhu89S5duAlHDTuiNZFNBuM2O4/X0T3jtnOvJEZp48Zjn48rjjiPIq0rjer2U3VOyuLjarO0NNTh1d+B/E73B06r8BI3FoErh8wiIKEEkutUaTR7a+HJ0Oxb4TzMZs2acqN1YAZSYmHtqxkKEdTWyZO4Uq8jp3NngnlnXfq3zPjRJ19hVZQl5RfkZMbgCLpzgcQf/AMpeXCcvxXNJIZb3fKTXXhOJ/3WREG08MOwY9I+BtuAThSYs9lCLHI4A0vBsldPthmgehM1+nk/gItp63/y2a6ec2kjnHFPfw321g56halW0N1pdCU2P8/8qLh+T/MvB83KmMp32GGsBwr8zZcbVfS+T5vGtveBlDKUrL1rsb5sCxu3wBsjriwd52nSo29MtePmoLoyFi7bFQpGlJDSEtkdHLvaTCL72CeV3yw8eZbhbnoTTtUjb4x7hnDcvlrbPMSZgFojsKNwr+T+Rht0YpZWhIUwSrx8S1T2X2+IIH2f+7hCmQ0szcewVDOCb5VhHA9MZuxKw/1dCb8b0lhXbYiPtUPdARpd6ZOBR43qhG1CXL7jYTExjswhkQ0pneJI6OYVp9Xuhhw+3ATlRCr0kmrB7GIP52hNJnAygJxydrEMkOTo9CZA6c6R5JE3mjWO3pFqQZMgU0Zfc1un2dGsrdRraLObI8NHVrlV0wnQ== Eli1@MacBook-Pro-Eli.local",
            "tags": {
              "Name": "iac1-key"
            },
            "tags_all": {
              "Name": "iac1-key"
            }
          },
          "sensitive_attributes": [],
          "identity_schema_version": 0,
          "private": "eyJzY2hlbWFfdmVyc2lvbiI6IjEifQ==",
          "create_before_destroy": true
        }
      ]
    },
    {
      "module": "module.compute",
      "mode": "managed",
      "type": "aws_launch_template",
      "name": "app",
      "provider": "provider[\"registry.terraform.io/hashicorp/aws\"]",
      "instances": [
        {
          "schema_version": 0,
          "attributes": {
            "arn": "arn:aws:ec2:eu-west-3:170542423458:launch-template/lt-0a06324c87a50d5d0",
            "block_device_mappings": [],
            "capacity_reservation_specification": [],
            "cpu_options": [],
            "credit_specification": [],
            "default_version": 1,
            "description": "",
            "disable_api_stop": false,
            "disable_api_termination": false,
            "ebs_optimized": "",
            "elastic_gpu_specifications": [],
            "elastic_inference_accelerator": [],
            "enclave_options": [],
            "hibernation_options": [],
            "iam_instance_profile": [
              {
                "arn": "",
                "name": "iac1-ec2-profile"
              }
            ],
            "id": "lt-0a06324c87a50d5d0",
            "image_id": "ami-073bfc958ad7786ad",
            "instance_initiated_shutdown_behavior": "",
            "instance_market_options": [],
            "instance_requirements": [],
            "instance_type": "t3.micro",
            "kernel_id": "",
            "key_name": "iac1-key",
            "latest_version": 1,
            "license_specification": [],
            "maintenance_options": [],
            "metadata_options": [],
            "monitoring": [],
            "name": "iac1-lt-2026060109424231290000000a",
            "name_prefix": "iac1-lt-",
            "network_interfaces": [
              {
                "associate_carrier_ip_address": "",
                "associate_public_ip_address": "false",
                "connection_tracking_specification": [],
                "delete_on_termination": "",
                "description": "",
                "device_index": 0,
                "ena_srd_specification": [],
                "interface_type": "",
                "ipv4_address_count": 0,
                "ipv4_addresses": null,
                "ipv4_prefix_count": 0,
                "ipv4_prefixes": null,
                "ipv6_address_count": 0,
                "ipv6_addresses": null,
                "ipv6_prefix_count": 0,
                "ipv6_prefixes": null,
                "network_card_index": 0,
                "network_interface_id": "",
                "primary_ipv6": "",
                "private_ip_address": "",
                "security_groups": [
                  "sg-01fb576cfdf76ec7f"
                ],
                "subnet_id": ""
              }
            ],
            "placement": [],
            "private_dns_name_options": [],
            "ram_disk_id": "",
            "security_group_names": null,
            "tag_specifications": [
              {
                "resource_type": "instance",
                "tags": {
                  "Name": "iac1-app"
                }
              }
            ],
            "tags": null,
            "tags_all": {},
            "update_default_version": null,
            "user_data": "IyEvYmluL2Jhc2gKCiMgc3RvcCBpZiBzb21lIGNvbW1hbmQgZmFpbApzZXQgLWUKCiMgdXBkYXRlIHRoZSB1YnVudHUKYXB0LWdldCB1cGRhdGUgLXkKYXB0LWdldCB1cGdyYWRlIC15CgojIGluc3RhbGwgdGhlIG5vZGVqcyAxOApjdXJsIC1mc1NMIGh0dHBzOi8vZGViLm5vZGVzb3VyY2UuY29tL3NldHVwXzE4LnggfCBiYXNoIC0KYXB0LWdldCBpbnN0YWxsIC15IG5vZGVqcwoKIyBpbnN0YWxsIHRvIGdldCBzZWNyZXRzCmFwdC1nZXQgaW5zdGFsbCAteSBhd3NjbGkKCiMgZmV0Y2ggc2VjcmV0cyBmcm9tIFNlY3JldHMgTWFuYWdlciDilIDilIDilIDilIDilIDilIDilIDilIDilIDilIDilIDilIDilIDilIDilIDilIDilIDilIDilIDilIDilIAKREJfUEFTU1dPUkQ9JChhd3Mgc2VjcmV0c21hbmFnZXIgZ2V0LXNlY3JldC12YWx1ZSBcCiAgLS1zZWNyZXQtaWQgaWFjMS9kYl9wYXNzd29yZCBcCiAgLS1yZWdpb24gZXUtd2VzdC0zIFwKICAtLXF1ZXJ5IFNlY3JldFN0cmluZyBcCiAgLS1vdXRwdXQgdGV4dCkKClNFU1NJT05fU0VDUkVUPSQoYXdzIHNlY3JldHNtYW5hZ2VyIGdldC1zZWNyZXQtdmFsdWUgXAogIC0tc2VjcmV0LWlkIGlhYzEvc2Vzc2lvbl9zZWNyZXQgXAogIC0tcmVnaW9uIGV1LXdlc3QtMyBcCiAgLS1xdWVyeSBTZWNyZXRTdHJpbmcgXAogIC0tb3V0cHV0IHRleHQpCgojIGdldCB0aGlzIGluc3RhbmNlJ3MgcHJpdmF0ZSBJUCDilIDilIDilIDilIDilIDilIDilIDilIDilIDilIDilIDilIDilIDilIDilIDilIDilIDilIDilIDilIDilIDilIDilIDilIDilIAKUFJJVkFURV9JUD0kKGN1cmwgLXMgaHR0cDovLzE2OS4yNTQuMTY5LjI1NC9sYXRlc3QvbWV0YS1kYXRhL2xvY2FsLWlwdjQpCgoKIyBjcmVhdGUgd29yayBmb2xkZXIKbWtkaXIgLXAgL29wdC9hcHAKY2QgL29wdC9hcHAKCiMgY2xvbmUgdGhlIGNvZGUgZnJvbSBnaXQgcmVwbyB0byB0aGUgaW5zdGFuY2UKZ2l0IGNsb25lIGh0dHBzOi8vZ2l0aHViLmNvbS9hbG91YW5lMDQvSW5mcmFzdHJ1Y3R1cmUtYXMtQ29kZS5naXQgL29wdC9hcHAKY2QgL29wdC9hcHAvd2ViLWFwcAoKIyBjb3B5IGFwcCBmaWxlcyDilIDilIDilIDilIDilIDilIDilIDilIDilIDilIDilIDilIDilIDilIDilIDilIDilIDilIDilIDilIDilIDilIDilIDilIDilIDilIDilIDilIDilIDilIDilIDilIDilIDilIDilIDilIDilIDilIDilIDilIDilIAKIyBZb3UnbGwgcmVwbGFjZSB0aGlzIHdpdGggeW91ciBhY3R1YWwgYXBwIHNvdXJjZQojIEZvciBub3cgd2UgY3JlYXRlIGEgcGxhY2Vob2xkZXIgZW52IGZpbGUKY2F0ID4gL29wdC9hcHAvLmVudiA8PCBFT0YKUE9SVD0zMDAwCk5PREVfRU5WPXByb2R1Y3Rpb24KREJfSU5JVF9TWU5DPWZhbHNlCgpNWVNRTF9IT1NUPWlhYzEtbXlzcWwuY3AyZXc2YzhneXQ1LmV1LXdlc3QtMy5yZHMuYW1hem9uYXdzLmNvbQpNWVNRTF9QT1JUPTMzMDYKTVlTUUxfVVNFUj1hZG1pbgpNWVNRTF9QQVNTV09SRD0kREJfUEFTU1dPUkQKTVlTUUxfREFUQUJBU0U9dG9kb19hcHAKClJFRElTX0hPU1Q9aWFjMS1yZWRpcy5nZWNrbDcuMDAwMS5ldXczLmNhY2hlLmFtYXpvbmF3cy5jb20KUkVESVNfUE9SVD02Mzc5ClNFU1NJT05fU0VDUkVUPSRTRVNTSU9OX1NFQ1JFVAoKU0VSVkVSX0lQPSRQUklWQVRFX0lQCkxPR19MRVZFTD12ZXJib3NlCkVPRgoKIyBpbnN0YWxsIGFuZCBzdGFydCBhcHAg4pSA4pSA4pSA4pSA4pSA4pSA4pSA4pSA4pSA4pSA4pSA4pSA4pSA4pSA4pSA4pSA4pSA4pSA4pSA4pSA4pSA4pSA4pSA4pSA4pSA4pSA4pSA4pSA4pSA4pSA4pSA4pSA4pSA4pSACm5wbSBpbnN0YWxsIC0tcHJvZHVjdGlvbiAtLWxlZ2FjeS1wZWVyLWRlcHMKbnBtIHJ1biBidWlsZApucG0gcnVuIHN0YXJ0OnByb2QgJgoKZWNobyAiQXBwIHN0YXJ0ZWQgc3VjY2Vzc2Z1bGx5Igo=",
            "vpc_security_group_ids": null
          },
          "sensitive_attributes": [],
          "identity_schema_version": 0,
          "private": "bnVsbA==",
          "dependencies": [
            "module.cache.aws_elasticache_cluster.main",
            "module.cache.aws_elasticache_parameter_group.main",
            "module.cache.aws_elasticache_subnet_group.main",
            "module.compute.aws_key_pair.main",
            "module.compute.data.aws_ami.ubuntu",
            "module.database.aws_db_instance.main",
            "module.database.aws_db_parameter_group.main",
            "module.database.aws_db_subnet_group.main",
            "module.network.aws_subnet.private_data_a",
            "module.network.aws_subnet.private_data_b",
            "module.network.aws_vpc.main",
            "module.secrets.aws_iam_instance_profile.ec2_profile",
            "module.secrets.aws_iam_role.ec2_role",
            "module.secrets.aws_secretsmanager_secret.db_password",
            "module.secrets.aws_secretsmanager_secret.session_secret",
            "module.security.aws_security_group.alb",
            "module.security.aws_security_group.app",
            "module.security.aws_security_group.rds",
            "module.security.aws_security_group.redis"
          ],
          "create_before_destroy": true
        }
      ]
    },
    {
      "module": "module.database",
      "mode": "managed",
      "type": "aws_db_instance",
      "name": "main",
      "provider": "provider[\"registry.terraform.io/hashicorp/aws\"]",
      "instances": [
        {
          "schema_version": 2,
          "attributes": {
            "address": "iac1-mysql.cp2ew6c8gyt5.eu-west-3.rds.amazonaws.com",
            "allocated_storage": 20,
            "allow_major_version_upgrade": null,
            "apply_immediately": false,
            "arn": "arn:aws:rds:eu-west-3:170542423458:db:iac1-mysql",
            "auto_minor_version_upgrade": true,
            "availability_zone": "eu-west-3b",
            "backup_retention_period": 1,
            "backup_target": "region",
            "backup_window": "03:00-04:00",
            "blue_green_update": [],
            "ca_cert_identifier": "rds-ca-rsa2048-g1",
            "character_set_name": "",
            "copy_tags_to_snapshot": false,
            "custom_iam_instance_profile": "",
            "customer_owned_ip_enabled": false,
            "database_insights_mode": "standard",
            "db_name": "todo_app",
            "db_subnet_group_name": "iac1-db-subnet-group",
            "dedicated_log_volume": false,
            "delete_automated_backups": true,
            "deletion_protection": false,
            "domain": "",
            "domain_auth_secret_arn": "",
            "domain_dns_ips": null,
            "domain_fqdn": "",
            "domain_iam_role_name": "",
            "domain_ou": "",
            "enabled_cloudwatch_logs_exports": null,
            "endpoint": "iac1-mysql.cp2ew6c8gyt5.eu-west-3.rds.amazonaws.com:3306",
            "engine": "mysql",
            "engine_lifecycle_support": "open-source-rds-extended-support",
            "engine_version": "8.0",
            "engine_version_actual": "8.0.45",
            "final_snapshot_identifier": null,
            "hosted_zone_id": "ZMESEXB7ZGGQ3",
            "iam_database_authentication_enabled": false,
            "id": "db-G3WNLWA4OPOYWNYSTL3KRM743M",
            "identifier": "iac1-mysql",
            "identifier_prefix": "",
            "instance_class": "db.t3.micro",
            "iops": 0,
            "kms_key_id": "arn:aws:kms:eu-west-3:170542423458:key/2209c0d6-4780-4f9b-a104-20cc3a46095e",
            "latest_restorable_time": "2026-06-01T09:40:58Z",
            "license_model": "general-public-license",
            "listener_endpoint": [],
            "maintenance_window": "mon:04:00-mon:05:00",
            "manage_master_user_password": null,
            "master_user_secret": [],
            "master_user_secret_kms_key_id": null,
            "max_allocated_storage": 100,
            "monitoring_interval": 0,
            "monitoring_role_arn": "",
            "multi_az": false,
            "nchar_character_set_name": "",
            "network_type": "IPV4",
            "option_group_name": "default:mysql-8-0",
            "parameter_group_name": "iac1-db-params",
            "password": "qwertyqwerty",
            "password_wo": null,
            "password_wo_version": null,
            "performance_insights_enabled": false,
            "performance_insights_kms_key_id": "",
            "performance_insights_retention_period": 0,
            "port": 3306,
            "publicly_accessible": false,
            "replica_mode": "",
            "replicas": [],
            "replicate_source_db": "",
            "resource_id": "db-G3WNLWA4OPOYWNYSTL3KRM743M",
            "restore_to_point_in_time": [],
            "s3_import": [],
            "skip_final_snapshot": true,
            "snapshot_identifier": null,
            "status": "available",
            "storage_encrypted": true,
            "storage_throughput": 0,
            "storage_type": "gp2",
            "tags": {
              "Name": "iac1-mysql"
            },
            "tags_all": {
              "Name": "iac1-mysql"
            },
            "timeouts": null,
            "timezone": "",
            "upgrade_storage_config": null,
            "username": "admin",
            "vpc_security_group_ids": [
              "sg-083e2ab13269dc4b7"
            ]
          },
          "sensitive_attributes": [
            [
              {
                "type": "get_attr",
                "value": "password"
              }
            ],
            [
              {
                "type": "get_attr",
                "value": "password_wo"
              }
            ]
          ],
          "identity_schema_version": 0,
          "private": "eyJlMmJmYjczMC1lY2FhLTExZTYtOGY4OC0zNDM2M2JjN2M0YzAiOnsiY3JlYXRlIjozMDAwMDAwMDAwMDAwLCJkZWxldGUiOjM2MDAwMDAwMDAwMDAsInVwZGF0ZSI6NDgwMDAwMDAwMDAwMH0sInNjaGVtYV92ZXJzaW9uIjoiMiJ9",
          "dependencies": [
            "module.database.aws_db_parameter_group.main",
            "module.database.aws_db_subnet_group.main",
            "module.network.aws_subnet.private_data_a",
            "module.network.aws_subnet.private_data_b",
            "module.network.aws_vpc.main",
            "module.security.aws_security_group.alb",
            "module.security.aws_security_group.app",
            "module.security.aws_security_group.rds"
          ],
          "create_before_destroy": true
        }
      ]
    },
    {
      "module": "module.database",
      "mode": "managed",
      "type": "aws_db_parameter_group",
      "name": "main",
      "provider": "provider[\"registry.terraform.io/hashicorp/aws\"]",
      "instances": [
        {
          "schema_version": 0,
          "attributes": {
            "arn": "arn:aws:rds:eu-west-3:170542423458:pg:iac1-db-params",
            "description": "Parameter group for MySQL 8.0",
            "family": "mysql8.0",
            "id": "iac1-db-params",
            "name": "iac1-db-params",
            "name_prefix": "",
            "parameter": [
              {
                "apply_method": "immediate",
                "name": "character_set_server",
                "value": "utf8mb4"
              },
              {
                "apply_method": "immediate",
                "name": "collation_server",
                "value": "utf8mb4_unicode_ci"
              }
            ],
            "skip_destroy": false,
            "tags": {
              "Name": "iac1-db-params"
            },
            "tags_all": {
              "Name": "iac1-db-params"
            }
          },
          "sensitive_attributes": [],
          "identity_schema_version": 0,
          "private": "bnVsbA==",
          "create_before_destroy": true
        }
      ]
    },
    {
      "module": "module.database",
      "mode": "managed",
      "type": "aws_db_subnet_group",
      "name": "main",
      "provider": "provider[\"registry.terraform.io/hashicorp/aws\"]",
      "instances": [
        {
          "schema_version": 0,
          "attributes": {
            "arn": "arn:aws:rds:eu-west-3:170542423458:subgrp:iac1-db-subnet-group",
            "description": "Subnet group for RDS MySQL",
            "id": "iac1-db-subnet-group",
            "name": "iac1-db-subnet-group",
            "name_prefix": "",
            "subnet_ids": [
              "subnet-00a4a1c3dbd7a50eb",
              "subnet-0a2d7e3f4ad400347"
            ],
            "supported_network_types": [
              "IPV4"
            ],
            "tags": {
              "Name": "iac1-db-subnet-group"
            },
            "tags_all": {
              "Name": "iac1-db-subnet-group"
            },
            "vpc_id": "vpc-0c12f72243f6e576a"
          },
          "sensitive_attributes": [],
          "identity_schema_version": 0,
          "private": "bnVsbA==",
          "dependencies": [
            "module.network.aws_subnet.private_data_a",
            "module.network.aws_subnet.private_data_b",
            "module.network.aws_vpc.main"
          ],
          "create_before_destroy": true
        }
      ]
    },
    {
      "module": "module.loadbalancer",
      "mode": "managed",
      "type": "aws_lb",
      "name": "main",
      "provider": "provider[\"registry.terraform.io/hashicorp/aws\"]",
      "instances": [
        {
          "schema_version": 0,
          "attributes": {
            "access_logs": [
              {
                "bucket": "",
                "enabled": false,
                "prefix": ""
              }
            ],
            "arn": "arn:aws:elasticloadbalancing:eu-west-3:170542423458:loadbalancer/app/iac1-alb/0c1aa3154381a336",
            "arn_suffix": "app/iac1-alb/0c1aa3154381a336",
            "client_keep_alive": 3600,
            "connection_logs": [
              {
                "bucket": "",
                "enabled": false,
                "prefix": ""
              }
            ],
            "customer_owned_ipv4_pool": "",
            "desync_mitigation_mode": "defensive",
            "dns_name": "iac1-alb-434208646.eu-west-3.elb.amazonaws.com",
            "dns_record_client_routing_policy": null,
            "drop_invalid_header_fields": false,
            "enable_cross_zone_load_balancing": true,
            "enable_deletion_protection": false,
            "enable_http2": true,
            "enable_tls_version_and_cipher_suite_headers": false,
            "enable_waf_fail_open": false,
            "enable_xff_client_port": false,
            "enable_zonal_shift": false,
            "enforce_security_group_inbound_rules_on_private_link_traffic": "",
            "id": "arn:aws:elasticloadbalancing:eu-west-3:170542423458:loadbalancer/app/iac1-alb/0c1aa3154381a336",
            "idle_timeout": 60,
            "internal": false,
            "ip_address_type": "ipv4",
            "ipam_pools": [],
            "load_balancer_type": "application",
            "minimum_load_balancer_capacity": [],
            "name": "iac1-alb",
            "name_prefix": "",
            "preserve_host_header": false,
            "security_groups": [
              "sg-02cd7ddd5a9e2f8ff"
            ],
            "subnet_mapping": [
              {
                "allocation_id": "",
                "ipv6_address": "",
                "outpost_id": "",
                "private_ipv4_address": "",
                "subnet_id": "subnet-0229624a8122e34c8"
              },
              {
                "allocation_id": "",
                "ipv6_address": "",
                "outpost_id": "",
                "private_ipv4_address": "",
                "subnet_id": "subnet-0d1615cc32597875b"
              }
            ],
            "subnets": [
              "subnet-0229624a8122e34c8",
              "subnet-0d1615cc32597875b"
            ],
            "tags": {
              "Name": "iac1-alb"
            },
            "tags_all": {
              "Name": "iac1-alb"
            },
            "timeouts": null,
            "vpc_id": "vpc-0c12f72243f6e576a",
            "xff_header_processing_mode": "append",
            "zone_id": "Z3Q77PNBQS71R4"
          },
          "sensitive_attributes": [],
          "identity_schema_version": 0,
          "private": "eyJlMmJmYjczMC1lY2FhLTExZTYtOGY4OC0zNDM2M2JjN2M0YzAiOnsiY3JlYXRlIjo2MDAwMDAwMDAwMDAsImRlbGV0ZSI6NjAwMDAwMDAwMDAwLCJ1cGRhdGUiOjYwMDAwMDAwMDAwMH19",
          "dependencies": [
            "module.network.aws_subnet.public_a",
            "module.network.aws_subnet.public_b",
            "module.network.aws_vpc.main",
            "module.security.aws_security_group.alb"
          ]
        }
      ]
    },
    {
      "module": "module.loadbalancer",
      "mode": "managed",
      "type": "aws_lb_listener",
      "name": "http",
      "provider": "provider[\"registry.terraform.io/hashicorp/aws\"]",
      "instances": [
        {
          "schema_version": 0,
          "attributes": {
            "alpn_policy": null,
            "arn": "arn:aws:elasticloadbalancing:eu-west-3:170542423458:listener/app/iac1-alb/0c1aa3154381a336/285e490312827d0f",
            "certificate_arn": null,
            "default_action": [
              {
                "authenticate_cognito": [],
                "authenticate_oidc": [],
                "fixed_response": [],
                "forward": [],
                "order": 1,
                "redirect": [],
                "target_group_arn": "arn:aws:elasticloadbalancing:eu-west-3:170542423458:targetgroup/iac1-tg/4faafeff397a32ca",
                "type": "forward"
              }
            ],
            "id": "arn:aws:elasticloadbalancing:eu-west-3:170542423458:listener/app/iac1-alb/0c1aa3154381a336/285e490312827d0f",
            "load_balancer_arn": "arn:aws:elasticloadbalancing:eu-west-3:170542423458:loadbalancer/app/iac1-alb/0c1aa3154381a336",
            "mutual_authentication": [],
            "port": 80,
            "protocol": "HTTP",
            "routing_http_request_x_amzn_mtls_clientcert_header_name": null,
            "routing_http_request_x_amzn_mtls_clientcert_issuer_header_name": null,
            "routing_http_request_x_amzn_mtls_clientcert_leaf_header_name": null,
            "routing_http_request_x_amzn_mtls_clientcert_serial_number_header_name": null,
            "routing_http_request_x_amzn_mtls_clientcert_subject_header_name": null,
            "routing_http_request_x_amzn_mtls_clientcert_validity_header_name": null,
            "routing_http_request_x_amzn_tls_cipher_suite_header_name": null,
            "routing_http_request_x_amzn_tls_version_header_name": null,
            "routing_http_response_access_control_allow_credentials_header_value": "",
            "routing_http_response_access_control_allow_headers_header_value": "",
            "routing_http_response_access_control_allow_methods_header_value": "",
            "routing_http_response_access_control_allow_origin_header_value": "",
            "routing_http_response_access_control_expose_headers_header_value": "",
            "routing_http_response_access_control_max_age_header_value": "",
            "routing_http_response_content_security_policy_header_value": "",
            "routing_http_response_server_enabled": true,
            "routing_http_response_strict_transport_security_header_value": "",
            "routing_http_response_x_content_type_options_header_value": "",
            "routing_http_response_x_frame_options_header_value": "",
            "ssl_policy": "",
            "tags": null,
            "tags_all": {},
            "tcp_idle_timeout_seconds": null,
            "timeouts": null
          },
          "sensitive_attributes": [],
          "identity_schema_version": 0,
          "private": "eyJlMmJmYjczMC1lY2FhLTExZTYtOGY4OC0zNDM2M2JjN2M0YzAiOnsiY3JlYXRlIjozMDAwMDAwMDAwMDAsInVwZGF0ZSI6MzAwMDAwMDAwMDAwfX0=",
          "dependencies": [
            "module.loadbalancer.aws_lb.main",
            "module.loadbalancer.aws_lb_target_group.app",
            "module.network.aws_subnet.public_a",
            "module.network.aws_subnet.public_b",
            "module.network.aws_vpc.main",
            "module.security.aws_security_group.alb"
          ]
        }
      ]
    },
    {
      "module": "module.loadbalancer",
      "mode": "managed",
      "type": "aws_lb_target_group",
      "name": "app",
      "provider": "provider[\"registry.terraform.io/hashicorp/aws\"]",
      "instances": [
        {
          "schema_version": 0,
          "attributes": {
            "arn": "arn:aws:elasticloadbalancing:eu-west-3:170542423458:targetgroup/iac1-tg/4faafeff397a32ca",
            "arn_suffix": "targetgroup/iac1-tg/4faafeff397a32ca",
            "connection_termination": null,
            "deregistration_delay": "300",
            "health_check": [
              {
                "enabled": true,
                "healthy_threshold": 2,
                "interval": 30,
                "matcher": "200",
                "path": "/health/readiness",
                "port": "traffic-port",
                "protocol": "HTTP",
                "timeout": 5,
                "unhealthy_threshold": 3
              }
            ],
            "id": "arn:aws:elasticloadbalancing:eu-west-3:170542423458:targetgroup/iac1-tg/4faafeff397a32ca",
            "ip_address_type": "ipv4",
            "lambda_multi_value_headers_enabled": false,
            "load_balancer_arns": [],
            "load_balancing_algorithm_type": "round_robin",
            "load_balancing_anomaly_mitigation": "off",
            "load_balancing_cross_zone_enabled": "use_load_balancer_configuration",
            "name": "iac1-tg",
            "name_prefix": "",
            "port": 3000,
            "preserve_client_ip": null,
            "protocol": "HTTP",
            "protocol_version": "HTTP1",
            "proxy_protocol_v2": false,
            "slow_start": 0,
            "stickiness": [
              {
                "cookie_duration": 86400,
                "cookie_name": "",
                "enabled": false,
                "type": "lb_cookie"
              }
            ],
            "tags": {
              "Name": "iac1-tg"
            },
            "tags_all": {
              "Name": "iac1-tg"
            },
            "target_failover": [
              {
                "on_deregistration": null,
                "on_unhealthy": null
              }
            ],
            "target_group_health": [
              {
                "dns_failover": [
                  {
                    "minimum_healthy_targets_count": "1",
                    "minimum_healthy_targets_percentage": "off"
                  }
                ],
                "unhealthy_state_routing": [
                  {
                    "minimum_healthy_targets_count": 1,
                    "minimum_healthy_targets_percentage": "off"
                  }
                ]
              }
            ],
            "target_health_state": [
              {
                "enable_unhealthy_connection_termination": null,
                "unhealthy_draining_interval": null
              }
            ],
            "target_type": "instance",
            "vpc_id": "vpc-0c12f72243f6e576a"
          },
          "sensitive_attributes": [],
          "identity_schema_version": 0,
          "private": "bnVsbA==",
          "dependencies": [
            "module.network.aws_vpc.main"
          ],
          "create_before_destroy": true
        }
      ]
    },
    {
      "module": "module.monitoring",
      "mode": "managed",
      "type": "aws_cloudwatch_metric_alarm",
      "name": "high_5xx",
      "provider": "provider[\"registry.terraform.io/hashicorp/aws\"]",
      "instances": [
        {
          "schema_version": 1,
          "attributes": {
            "actions_enabled": true,
            "alarm_actions": [
              "arn:aws:sns:eu-west-3:170542423458:iac1-alerts"
            ],
            "alarm_description": "Alert when app returns too many 5xx errors",
            "alarm_name": "iac1-high-5xx",
            "arn": "arn:aws:cloudwatch:eu-west-3:170542423458:alarm:iac1-high-5xx",
            "comparison_operator": "GreaterThanThreshold",
            "datapoints_to_alarm": 0,
            "dimensions": {
              "LoadBalancer": "arn:aws:elasticloadbalancing:eu-west-3:170542423458:loadbalancer/app/iac1-alb/0c1aa3154381a336"
            },
            "evaluate_low_sample_count_percentiles": "",
            "evaluation_periods": 2,
            "extended_statistic": "",
            "id": "iac1-high-5xx",
            "insufficient_data_actions": null,
            "metric_name": "HTTPCode_Target_5XX_Count",
            "metric_query": [],
            "namespace": "AWS/ApplicationELB",
            "ok_actions": null,
            "period": 60,
            "statistic": "Sum",
            "tags": {
              "Name": "iac1-high-5xx"
            },
            "tags_all": {
              "Name": "iac1-high-5xx"
            },
            "threshold": 10,
            "threshold_metric_id": "",
            "treat_missing_data": "notBreaching",
            "unit": ""
          },
          "sensitive_attributes": [],
          "identity_schema_version": 0,
          "private": "eyJzY2hlbWFfdmVyc2lvbiI6IjEifQ==",
          "dependencies": [
            "module.loadbalancer.aws_lb.main",
            "module.monitoring.aws_sns_topic.alerts",
            "module.network.aws_subnet.public_a",
            "module.network.aws_subnet.public_b",
            "module.network.aws_vpc.main",
            "module.security.aws_security_group.alb"
          ]
        }
      ]
    },
    {
      "module": "module.monitoring",
      "mode": "managed",
      "type": "aws_cloudwatch_metric_alarm",
      "name": "high_response_time",
      "provider": "provider[\"registry.terraform.io/hashicorp/aws\"]",
      "instances": [
        {
          "schema_version": 1,
          "attributes": {
            "actions_enabled": true,
            "alarm_actions": [
              "arn:aws:sns:eu-west-3:170542423458:iac1-alerts"
            ],
            "alarm_description": "Alert when app response time exceeds 2 seconds",
            "alarm_name": "iac1-high-response-time",
            "arn": "arn:aws:cloudwatch:eu-west-3:170542423458:alarm:iac1-high-response-time",
            "comparison_operator": "GreaterThanThreshold",
            "datapoints_to_alarm": 0,
            "dimensions": {
              "LoadBalancer": "arn:aws:elasticloadbalancing:eu-west-3:170542423458:loadbalancer/app/iac1-alb/0c1aa3154381a336"
            },
            "evaluate_low_sample_count_percentiles": "",
            "evaluation_periods": 3,
            "extended_statistic": "",
            "id": "iac1-high-response-time",
            "insufficient_data_actions": null,
            "metric_name": "TargetResponseTime",
            "metric_query": [],
            "namespace": "AWS/ApplicationELB",
            "ok_actions": null,
            "period": 60,
            "statistic": "Average",
            "tags": {
              "Name": "iac1-high-response-time"
            },
            "tags_all": {
              "Name": "iac1-high-response-time"
            },
            "threshold": 2,
            "threshold_metric_id": "",
            "treat_missing_data": "notBreaching",
            "unit": ""
          },
          "sensitive_attributes": [],
          "identity_schema_version": 0,
          "private": "eyJzY2hlbWFfdmVyc2lvbiI6IjEifQ==",
          "dependencies": [
            "module.loadbalancer.aws_lb.main",
            "module.monitoring.aws_sns_topic.alerts",
            "module.network.aws_subnet.public_a",
            "module.network.aws_subnet.public_b",
            "module.network.aws_vpc.main",
            "module.security.aws_security_group.alb"
          ]
        }
      ]
    },
    {
      "module": "module.monitoring",
      "mode": "managed",
      "type": "aws_cloudwatch_metric_alarm",
      "name": "unhealthy_hosts",
      "provider": "provider[\"registry.terraform.io/hashicorp/aws\"]",
      "instances": [
        {
          "schema_version": 1,
          "attributes": {
            "actions_enabled": true,
            "alarm_actions": [
              "arn:aws:sns:eu-west-3:170542423458:iac1-alerts"
            ],
            "alarm_description": "Alert when any app instance becomes unhealthy",
            "alarm_name": "iac1-unhealthy-hosts",
            "arn": "arn:aws:cloudwatch:eu-west-3:170542423458:alarm:iac1-unhealthy-hosts",
            "comparison_operator": "GreaterThanThreshold",
            "datapoints_to_alarm": 0,
            "dimensions": {
              "LoadBalancer": "arn:aws:elasticloadbalancing:eu-west-3:170542423458:loadbalancer/app/iac1-alb/0c1aa3154381a336",
              "TargetGroup": "arn:aws:elasticloadbalancing:eu-west-3:170542423458:targetgroup/iac1-tg/4faafeff397a32ca"
            },
            "evaluate_low_sample_count_percentiles": "",
            "evaluation_periods": 2,
            "extended_statistic": "",
            "id": "iac1-unhealthy-hosts",
            "insufficient_data_actions": null,
            "metric_name": "UnHealthyHostCount",
            "metric_query": [],
            "namespace": "AWS/ApplicationELB",
            "ok_actions": [
              "arn:aws:sns:eu-west-3:170542423458:iac1-alerts"
            ],
            "period": 60,
            "statistic": "Average",
            "tags": {
              "Name": "iac1-unhealthy-hosts"
            },
            "tags_all": {
              "Name": "iac1-unhealthy-hosts"
            },
            "threshold": 0,
            "threshold_metric_id": "",
            "treat_missing_data": "breaching",
            "unit": ""
          },
          "sensitive_attributes": [],
          "identity_schema_version": 0,
          "private": "eyJzY2hlbWFfdmVyc2lvbiI6IjEifQ==",
          "dependencies": [
            "module.loadbalancer.aws_lb.main",
            "module.loadbalancer.aws_lb_target_group.app",
            "module.monitoring.aws_sns_topic.alerts",
            "module.network.aws_subnet.public_a",
            "module.network.aws_subnet.public_b",
            "module.network.aws_vpc.main",
            "module.security.aws_security_group.alb"
          ]
        }
      ]
    },
    {
      "module": "module.monitoring",
      "mode": "managed",
      "type": "aws_sns_topic",
      "name": "alerts",
      "provider": "provider[\"registry.terraform.io/hashicorp/aws\"]",
      "instances": [
        {
          "schema_version": 0,
          "attributes": {
            "application_failure_feedback_role_arn": "",
            "application_success_feedback_role_arn": "",
            "application_success_feedback_sample_rate": 0,
            "archive_policy": "",
            "arn": "arn:aws:sns:eu-west-3:170542423458:iac1-alerts",
            "beginning_archive_time": "",
            "content_based_deduplication": false,
            "delivery_policy": "",
            "display_name": "",
            "fifo_throughput_scope": "",
            "fifo_topic": false,
            "firehose_failure_feedback_role_arn": "",
            "firehose_success_feedback_role_arn": "",
            "firehose_success_feedback_sample_rate": 0,
            "http_failure_feedback_role_arn": "",
            "http_success_feedback_role_arn": "",
            "http_success_feedback_sample_rate": 0,
            "id": "arn:aws:sns:eu-west-3:170542423458:iac1-alerts",
            "kms_master_key_id": "",
            "lambda_failure_feedback_role_arn": "",
            "lambda_success_feedback_role_arn": "",
            "lambda_success_feedback_sample_rate": 0,
            "name": "iac1-alerts",
            "name_prefix": "",
            "owner": "170542423458",
            "policy": "{\"Id\":\"__default_policy_ID\",\"Statement\":[{\"Action\":[\"SNS:GetTopicAttributes\",\"SNS:SetTopicAttributes\",\"SNS:AddPermission\",\"SNS:RemovePermission\",\"SNS:DeleteTopic\",\"SNS:Subscribe\",\"SNS:ListSubscriptionsByTopic\",\"SNS:Publish\"],\"Condition\":{\"StringEquals\":{\"AWS:SourceOwner\":\"170542423458\"}},\"Effect\":\"Allow\",\"Principal\":{\"AWS\":\"*\"},\"Resource\":\"arn:aws:sns:eu-west-3:170542423458:iac1-alerts\",\"Sid\":\"__default_statement_ID\"}],\"Version\":\"2008-10-17\"}",
            "signature_version": 0,
            "sqs_failure_feedback_role_arn": "",
            "sqs_success_feedback_role_arn": "",
            "sqs_success_feedback_sample_rate": 0,
            "tags": {
              "Name": "iac1-alerts"
            },
            "tags_all": {
              "Name": "iac1-alerts"
            },
            "tracing_config": ""
          },
          "sensitive_attributes": [],
          "identity_schema_version": 0,
          "private": "bnVsbA=="
        }
      ]
    },
    {
      "module": "module.monitoring",
      "mode": "managed",
      "type": "aws_sns_topic_subscription",
      "name": "email",
      "provider": "provider[\"registry.terraform.io/hashicorp/aws\"]",
      "instances": [
        {
          "schema_version": 0,
          "attributes": {
            "arn": "arn:aws:sns:eu-west-3:170542423458:iac1-alerts:4c5d3353-e3e6-4c78-a8df-7ff4952918b8",
            "confirmation_timeout_in_minutes": 1,
            "confirmation_was_authenticated": false,
            "delivery_policy": "",
            "endpoint": "alouane04@email.com",
            "endpoint_auto_confirms": false,
            "filter_policy": "",
            "filter_policy_scope": "",
            "id": "arn:aws:sns:eu-west-3:170542423458:iac1-alerts:4c5d3353-e3e6-4c78-a8df-7ff4952918b8",
            "owner_id": "170542423458",
            "pending_confirmation": true,
            "protocol": "email",
            "raw_message_delivery": false,
            "redrive_policy": "",
            "replay_policy": "",
            "subscription_role_arn": "",
            "topic_arn": "arn:aws:sns:eu-west-3:170542423458:iac1-alerts"
          },
          "sensitive_attributes": [],
          "identity_schema_version": 0,
          "private": "bnVsbA==",
          "dependencies": [
            "module.monitoring.aws_sns_topic.alerts"
          ]
        }
      ]
    },
    {
      "module": "module.network",
      "mode": "managed",
      "type": "aws_eip",
      "name": "nat",
      "provider": "provider[\"registry.terraform.io/hashicorp/aws\"]",
      "instances": [
        {
          "schema_version": 0,
          "attributes": {
            "address": null,
            "allocation_id": "eipalloc-0d53a5192c7d09adf",
            "arn": "arn:aws:ec2:eu-west-3:170542423458:elastic-ip/eipalloc-0d53a5192c7d09adf",
            "associate_with_private_ip": null,
            "association_id": "",
            "carrier_ip": "",
            "customer_owned_ip": "",
            "customer_owned_ipv4_pool": "",
            "domain": "vpc",
            "id": "eipalloc-0d53a5192c7d09adf",
            "instance": "",
            "ipam_pool_id": null,
            "network_border_group": "eu-west-3",
            "network_interface": "",
            "private_dns": null,
            "private_ip": "",
            "ptr_record": "",
            "public_dns": "ec2-35-180-220-4.eu-west-3.compute.amazonaws.com",
            "public_ip": "35.180.220.4",
            "public_ipv4_pool": "amazon",
            "tags": {
              "Name": "iac1-nat-eip"
            },
            "tags_all": {
              "Name": "iac1-nat-eip"
            },
            "timeouts": null,
            "vpc": true
          },
          "sensitive_attributes": [],
          "identity_schema_version": 0,
          "private": "eyJlMmJmYjczMC1lY2FhLTExZTYtOGY4OC0zNDM2M2JjN2M0YzAiOnsiZGVsZXRlIjoxODAwMDAwMDAwMDAsInJlYWQiOjkwMDAwMDAwMDAwMCwidXBkYXRlIjozMDAwMDAwMDAwMDB9fQ=="
        }
      ]
    },
    {
      "module": "module.network",
      "mode": "managed",
      "type": "aws_internet_gateway",
      "name": "main",
      "provider": "provider[\"registry.terraform.io/hashicorp/aws\"]",
      "instances": [
        {
          "schema_version": 0,
          "attributes": {
            "arn": "arn:aws:ec2:eu-west-3:170542423458:internet-gateway/igw-014a80900816ef114",
            "id": "igw-014a80900816ef114",
            "owner_id": "170542423458",
            "tags": {
              "Name": "iac1-igw"
            },
            "tags_all": {
              "Name": "iac1-igw"
            },
            "timeouts": null,
            "vpc_id": "vpc-0c12f72243f6e576a"
          },
          "sensitive_attributes": [],
          "identity_schema_version": 0,
          "private": "eyJlMmJmYjczMC1lY2FhLTExZTYtOGY4OC0zNDM2M2JjN2M0YzAiOnsiY3JlYXRlIjoxMjAwMDAwMDAwMDAwLCJkZWxldGUiOjEyMDAwMDAwMDAwMDAsInVwZGF0ZSI6MTIwMDAwMDAwMDAwMH19",
          "dependencies": [
            "module.network.aws_vpc.main"
          ]
        }
      ]
    },
    {
      "module": "module.network",
      "mode": "managed",
      "type": "aws_nat_gateway",
      "name": "main",
      "provider": "provider[\"registry.terraform.io/hashicorp/aws\"]",
      "instances": [
        {
          "schema_version": 0,
          "attributes": {
            "allocation_id": "eipalloc-0d53a5192c7d09adf",
            "association_id": "eipassoc-08600b7691bfd52c8",
            "connectivity_type": "public",
            "id": "nat-0108fa10f19db2c34",
            "network_interface_id": "eni-02d2f31e0d9919895",
            "private_ip": "10.0.1.64",
            "public_ip": "35.180.220.4",
            "secondary_allocation_ids": null,
            "secondary_private_ip_address_count": 0,
            "secondary_private_ip_addresses": [],
            "subnet_id": "subnet-0229624a8122e34c8",
            "tags": {
              "Name": "iac1-nat"
            },
            "tags_all": {
              "Name": "iac1-nat"
            },
            "timeouts": null
          },
          "sensitive_attributes": [],
          "identity_schema_version": 0,
          "private": "eyJlMmJmYjczMC1lY2FhLTExZTYtOGY4OC0zNDM2M2JjN2M0YzAiOnsiY3JlYXRlIjo2MDAwMDAwMDAwMDAsImRlbGV0ZSI6MTgwMDAwMDAwMDAwMCwidXBkYXRlIjo2MDAwMDAwMDAwMDB9fQ==",
          "dependencies": [
            "module.network.aws_eip.nat",
            "module.network.aws_internet_gateway.main",
            "module.network.aws_subnet.public_a",
            "module.network.aws_vpc.main"
          ]
        }
      ]
    },
    {
      "module": "module.network",
      "mode": "managed",
      "type": "aws_route_table",
      "name": "private_app",
      "provider": "provider[\"registry.terraform.io/hashicorp/aws\"]",
      "instances": [
        {
          "schema_version": 0,
          "attributes": {
            "arn": "arn:aws:ec2:eu-west-3:170542423458:route-table/rtb-041f91a879ce90653",
            "id": "rtb-041f91a879ce90653",
            "owner_id": "170542423458",
            "propagating_vgws": [],
            "route": [
              {
                "carrier_gateway_id": "",
                "cidr_block": "0.0.0.0/0",
                "core_network_arn": "",
                "destination_prefix_list_id": "",
                "egress_only_gateway_id": "",
                "gateway_id": "",
                "ipv6_cidr_block": "",
                "local_gateway_id": "",
                "nat_gateway_id": "nat-0108fa10f19db2c34",
                "network_interface_id": "",
                "transit_gateway_id": "",
                "vpc_endpoint_id": "",
                "vpc_peering_connection_id": ""
              }
            ],
            "tags": {
              "Name": "iac1-rt-private-app"
            },
            "tags_all": {
              "Name": "iac1-rt-private-app"
            },
            "timeouts": null,
            "vpc_id": "vpc-0c12f72243f6e576a"
          },
          "sensitive_attributes": [],
          "identity_schema_version": 0,
          "private": "eyJlMmJmYjczMC1lY2FhLTExZTYtOGY4OC0zNDM2M2JjN2M0YzAiOnsiY3JlYXRlIjozMDAwMDAwMDAwMDAsImRlbGV0ZSI6MzAwMDAwMDAwMDAwLCJ1cGRhdGUiOjEyMDAwMDAwMDAwMH19",
          "dependencies": [
            "module.network.aws_eip.nat",
            "module.network.aws_internet_gateway.main",
            "module.network.aws_nat_gateway.main",
            "module.network.aws_subnet.public_a",
            "module.network.aws_vpc.main"
          ]
        }
      ]
    },
    {
      "module": "module.network",
      "mode": "managed",
      "type": "aws_route_table",
      "name": "private_data",
      "provider": "provider[\"registry.terraform.io/hashicorp/aws\"]",
      "instances": [
        {
          "schema_version": 0,
          "attributes": {
            "arn": "arn:aws:ec2:eu-west-3:170542423458:route-table/rtb-0de9168414f72c0bd",
            "id": "rtb-0de9168414f72c0bd",
            "owner_id": "170542423458",
            "propagating_vgws": [],
            "route": [],
            "tags": {
              "Name": "iac1-rt-private-data"
            },
            "tags_all": {
              "Name": "iac1-rt-private-data"
            },
            "timeouts": null,
            "vpc_id": "vpc-0c12f72243f6e576a"
          },
          "sensitive_attributes": [],
          "identity_schema_version": 0,
          "private": "eyJlMmJmYjczMC1lY2FhLTExZTYtOGY4OC0zNDM2M2JjN2M0YzAiOnsiY3JlYXRlIjozMDAwMDAwMDAwMDAsImRlbGV0ZSI6MzAwMDAwMDAwMDAwLCJ1cGRhdGUiOjEyMDAwMDAwMDAwMH19",
          "dependencies": [
            "module.network.aws_vpc.main"
          ]
        }
      ]
    },
    {
      "module": "module.network",
      "mode": "managed",
      "type": "aws_route_table",
      "name": "public_app",
      "provider": "provider[\"registry.terraform.io/hashicorp/aws\"]",
      "instances": [
        {
          "schema_version": 0,
          "attributes": {
            "arn": "arn:aws:ec2:eu-west-3:170542423458:route-table/rtb-0865c101e2108f051",
            "id": "rtb-0865c101e2108f051",
            "owner_id": "170542423458",
            "propagating_vgws": [],
            "route": [
              {
                "carrier_gateway_id": "",
                "cidr_block": "0.0.0.0/0",
                "core_network_arn": "",
                "destination_prefix_list_id": "",
                "egress_only_gateway_id": "",
                "gateway_id": "igw-014a80900816ef114",
                "ipv6_cidr_block": "",
                "local_gateway_id": "",
                "nat_gateway_id": "",
                "network_interface_id": "",
                "transit_gateway_id": "",
                "vpc_endpoint_id": "",
                "vpc_peering_connection_id": ""
              }
            ],
            "tags": {
              "Name": "iac1-rt-public-app"
            },
            "tags_all": {
              "Name": "iac1-rt-public-app"
            },
            "timeouts": null,
            "vpc_id": "vpc-0c12f72243f6e576a"
          },
          "sensitive_attributes": [],
          "identity_schema_version": 0,
          "private": "eyJlMmJmYjczMC1lY2FhLTExZTYtOGY4OC0zNDM2M2JjN2M0YzAiOnsiY3JlYXRlIjozMDAwMDAwMDAwMDAsImRlbGV0ZSI6MzAwMDAwMDAwMDAwLCJ1cGRhdGUiOjEyMDAwMDAwMDAwMH19",
          "dependencies": [
            "module.network.aws_internet_gateway.main",
            "module.network.aws_vpc.main"
          ]
        }
      ]
    },
    {
      "module": "module.network",
      "mode": "managed",
      "type": "aws_route_table_association",
      "name": "private_app_a",
      "provider": "provider[\"registry.terraform.io/hashicorp/aws\"]",
      "instances": [
        {
          "schema_version": 0,
          "attributes": {
            "gateway_id": "",
            "id": "rtbassoc-0bdbf291130833392",
            "route_table_id": "rtb-041f91a879ce90653",
            "subnet_id": "subnet-078613325ac97d79f",
            "timeouts": null
          },
          "sensitive_attributes": [],
          "identity_schema_version": 0,
          "private": "eyJlMmJmYjczMC1lY2FhLTExZTYtOGY4OC0zNDM2M2JjN2M0YzAiOnsiY3JlYXRlIjozMDAwMDAwMDAwMDAsImRlbGV0ZSI6MzAwMDAwMDAwMDAwLCJ1cGRhdGUiOjEyMDAwMDAwMDAwMH19",
          "dependencies": [
            "module.network.aws_eip.nat",
            "module.network.aws_internet_gateway.main",
            "module.network.aws_nat_gateway.main",
            "module.network.aws_route_table.private_app",
            "module.network.aws_subnet.private_app_a",
            "module.network.aws_subnet.public_a",
            "module.network.aws_vpc.main"
          ]
        }
      ]
    },
    {
      "module": "module.network",
      "mode": "managed",
      "type": "aws_route_table_association",
      "name": "private_app_b",
      "provider": "provider[\"registry.terraform.io/hashicorp/aws\"]",
      "instances": [
        {
          "schema_version": 0,
          "attributes": {
            "gateway_id": "",
            "id": "rtbassoc-0708a2e084d94fef2",
            "route_table_id": "rtb-041f91a879ce90653",
            "subnet_id": "subnet-0d1dd359bc736e19d",
            "timeouts": null
          },
          "sensitive_attributes": [],
          "identity_schema_version": 0,
          "private": "eyJlMmJmYjczMC1lY2FhLTExZTYtOGY4OC0zNDM2M2JjN2M0YzAiOnsiY3JlYXRlIjozMDAwMDAwMDAwMDAsImRlbGV0ZSI6MzAwMDAwMDAwMDAwLCJ1cGRhdGUiOjEyMDAwMDAwMDAwMH19",
          "dependencies": [
            "module.network.aws_eip.nat",
            "module.network.aws_internet_gateway.main",
            "module.network.aws_nat_gateway.main",
            "module.network.aws_route_table.private_app",
            "module.network.aws_subnet.private_app_b",
            "module.network.aws_subnet.public_a",
            "module.network.aws_vpc.main"
          ]
        }
      ]
    },
    {
      "module": "module.network",
      "mode": "managed",
      "type": "aws_route_table_association",
      "name": "private_data_a",
      "provider": "provider[\"registry.terraform.io/hashicorp/aws\"]",
      "instances": [
        {
          "schema_version": 0,
          "attributes": {
            "gateway_id": "",
            "id": "rtbassoc-0815d6d1718a0fd94",
            "route_table_id": "rtb-0de9168414f72c0bd",
            "subnet_id": "subnet-00a4a1c3dbd7a50eb",
            "timeouts": null
          },
          "sensitive_attributes": [],
          "identity_schema_version": 0,
          "private": "eyJlMmJmYjczMC1lY2FhLTExZTYtOGY4OC0zNDM2M2JjN2M0YzAiOnsiY3JlYXRlIjozMDAwMDAwMDAwMDAsImRlbGV0ZSI6MzAwMDAwMDAwMDAwLCJ1cGRhdGUiOjEyMDAwMDAwMDAwMH19",
          "dependencies": [
            "module.network.aws_route_table.private_data",
            "module.network.aws_subnet.private_data_a",
            "module.network.aws_vpc.main"
          ]
        }
      ]
    },
    {
      "module": "module.network",
      "mode": "managed",
      "type": "aws_route_table_association",
      "name": "private_data_b",
      "provider": "provider[\"registry.terraform.io/hashicorp/aws\"]",
      "instances": [
        {
          "schema_version": 0,
          "attributes": {
            "gateway_id": "",
            "id": "rtbassoc-0e88447277fdecf98",
            "route_table_id": "rtb-0de9168414f72c0bd",
            "subnet_id": "subnet-0a2d7e3f4ad400347",
            "timeouts": null
          },
          "sensitive_attributes": [],
          "identity_schema_version": 0,
          "private": "eyJlMmJmYjczMC1lY2FhLTExZTYtOGY4OC0zNDM2M2JjN2M0YzAiOnsiY3JlYXRlIjozMDAwMDAwMDAwMDAsImRlbGV0ZSI6MzAwMDAwMDAwMDAwLCJ1cGRhdGUiOjEyMDAwMDAwMDAwMH19",
          "dependencies": [
            "module.network.aws_route_table.private_data",
            "module.network.aws_subnet.private_data_b",
            "module.network.aws_vpc.main"
          ]
        }
      ]
    },
    {
      "module": "module.network",
      "mode": "managed",
      "type": "aws_route_table_association",
      "name": "public_a",
      "provider": "provider[\"registry.terraform.io/hashicorp/aws\"]",
      "instances": [
        {
          "schema_version": 0,
          "attributes": {
            "gateway_id": "",
            "id": "rtbassoc-0ec9b7207edaa3b75",
            "route_table_id": "rtb-0865c101e2108f051",
            "subnet_id": "subnet-0229624a8122e34c8",
            "timeouts": null
          },
          "sensitive_attributes": [],
          "identity_schema_version": 0,
          "private": "eyJlMmJmYjczMC1lY2FhLTExZTYtOGY4OC0zNDM2M2JjN2M0YzAiOnsiY3JlYXRlIjozMDAwMDAwMDAwMDAsImRlbGV0ZSI6MzAwMDAwMDAwMDAwLCJ1cGRhdGUiOjEyMDAwMDAwMDAwMH19",
          "dependencies": [
            "module.network.aws_internet_gateway.main",
            "module.network.aws_route_table.public_app",
            "module.network.aws_subnet.public_a",
            "module.network.aws_vpc.main"
          ]
        }
      ]
    },
    {
      "module": "module.network",
      "mode": "managed",
      "type": "aws_route_table_association",
      "name": "public_b",
      "provider": "provider[\"registry.terraform.io/hashicorp/aws\"]",
      "instances": [
        {
          "schema_version": 0,
          "attributes": {
            "gateway_id": "",
            "id": "rtbassoc-0f8120d477ce87cbe",
            "route_table_id": "rtb-0865c101e2108f051",
            "subnet_id": "subnet-0d1615cc32597875b",
            "timeouts": null
          },
          "sensitive_attributes": [],
          "identity_schema_version": 0,
          "private": "eyJlMmJmYjczMC1lY2FhLTExZTYtOGY4OC0zNDM2M2JjN2M0YzAiOnsiY3JlYXRlIjozMDAwMDAwMDAwMDAsImRlbGV0ZSI6MzAwMDAwMDAwMDAwLCJ1cGRhdGUiOjEyMDAwMDAwMDAwMH19",
          "dependencies": [
            "module.network.aws_internet_gateway.main",
            "module.network.aws_route_table.public_app",
            "module.network.aws_subnet.public_b",
            "module.network.aws_vpc.main"
          ]
        }
      ]
    },
    {
      "module": "module.network",
      "mode": "managed",
      "type": "aws_subnet",
      "name": "private_app_a",
      "provider": "provider[\"registry.terraform.io/hashicorp/aws\"]",
      "instances": [
        {
          "schema_version": 1,
          "attributes": {
            "arn": "arn:aws:ec2:eu-west-3:170542423458:subnet/subnet-078613325ac97d79f",
            "assign_ipv6_address_on_creation": false,
            "availability_zone": "eu-west-3a",
            "availability_zone_id": "euw3-az1",
            "cidr_block": "10.0.3.0/24",
            "customer_owned_ipv4_pool": "",
            "enable_dns64": false,
            "enable_lni_at_device_index": 0,
            "enable_resource_name_dns_a_record_on_launch": false,
            "enable_resource_name_dns_aaaa_record_on_launch": false,
            "id": "subnet-078613325ac97d79f",
            "ipv6_cidr_block": "",
            "ipv6_cidr_block_association_id": "",
            "ipv6_native": false,
            "map_customer_owned_ip_on_launch": false,
            "map_public_ip_on_launch": false,
            "outpost_arn": "",
            "owner_id": "170542423458",
            "private_dns_hostname_type_on_launch": "ip-name",
            "tags": {
              "Name": "iac1-private-app-a"
            },
            "tags_all": {
              "Name": "iac1-private-app-a"
            },
            "timeouts": null,
            "vpc_id": "vpc-0c12f72243f6e576a"
          },
          "sensitive_attributes": [],
          "identity_schema_version": 0,
          "private": "eyJlMmJmYjczMC1lY2FhLTExZTYtOGY4OC0zNDM2M2JjN2M0YzAiOnsiY3JlYXRlIjo2MDAwMDAwMDAwMDAsImRlbGV0ZSI6MTIwMDAwMDAwMDAwMH0sInNjaGVtYV92ZXJzaW9uIjoiMSJ9",
          "dependencies": [
            "module.network.aws_vpc.main"
          ],
          "create_before_destroy": true
        }
      ]
    },
    {
      "module": "module.network",
      "mode": "managed",
      "type": "aws_subnet",
      "name": "private_app_b",
      "provider": "provider[\"registry.terraform.io/hashicorp/aws\"]",
      "instances": [
        {
          "schema_version": 1,
          "attributes": {
            "arn": "arn:aws:ec2:eu-west-3:170542423458:subnet/subnet-0d1dd359bc736e19d",
            "assign_ipv6_address_on_creation": false,
            "availability_zone": "eu-west-3b",
            "availability_zone_id": "euw3-az2",
            "cidr_block": "10.0.4.0/24",
            "customer_owned_ipv4_pool": "",
            "enable_dns64": false,
            "enable_lni_at_device_index": 0,
            "enable_resource_name_dns_a_record_on_launch": false,
            "enable_resource_name_dns_aaaa_record_on_launch": false,
            "id": "subnet-0d1dd359bc736e19d",
            "ipv6_cidr_block": "",
            "ipv6_cidr_block_association_id": "",
            "ipv6_native": false,
            "map_customer_owned_ip_on_launch": false,
            "map_public_ip_on_launch": false,
            "outpost_arn": "",
            "owner_id": "170542423458",
            "private_dns_hostname_type_on_launch": "ip-name",
            "tags": {
              "Name": "iac1-private-app-b"
            },
            "tags_all": {
              "Name": "iac1-private-app-b"
            },
            "timeouts": null,
            "vpc_id": "vpc-0c12f72243f6e576a"
          },
          "sensitive_attributes": [],
          "identity_schema_version": 0,
          "private": "eyJlMmJmYjczMC1lY2FhLTExZTYtOGY4OC0zNDM2M2JjN2M0YzAiOnsiY3JlYXRlIjo2MDAwMDAwMDAwMDAsImRlbGV0ZSI6MTIwMDAwMDAwMDAwMH0sInNjaGVtYV92ZXJzaW9uIjoiMSJ9",
          "dependencies": [
            "module.network.aws_vpc.main"
          ],
          "create_before_destroy": true
        }
      ]
    },
    {
      "module": "module.network",
      "mode": "managed",
      "type": "aws_subnet",
      "name": "private_data_a",
      "provider": "provider[\"registry.terraform.io/hashicorp/aws\"]",
      "instances": [
        {
          "schema_version": 1,
          "attributes": {
            "arn": "arn:aws:ec2:eu-west-3:170542423458:subnet/subnet-00a4a1c3dbd7a50eb",
            "assign_ipv6_address_on_creation": false,
            "availability_zone": "eu-west-3a",
            "availability_zone_id": "euw3-az1",
            "cidr_block": "10.0.5.0/24",
            "customer_owned_ipv4_pool": "",
            "enable_dns64": false,
            "enable_lni_at_device_index": 0,
            "enable_resource_name_dns_a_record_on_launch": false,
            "enable_resource_name_dns_aaaa_record_on_launch": false,
            "id": "subnet-00a4a1c3dbd7a50eb",
            "ipv6_cidr_block": "",
            "ipv6_cidr_block_association_id": "",
            "ipv6_native": false,
            "map_customer_owned_ip_on_launch": false,
            "map_public_ip_on_launch": false,
            "outpost_arn": "",
            "owner_id": "170542423458",
            "private_dns_hostname_type_on_launch": "ip-name",
            "tags": {
              "Name": "iac1-private-data-a"
            },
            "tags_all": {
              "Name": "iac1-private-data-a"
            },
            "timeouts": null,
            "vpc_id": "vpc-0c12f72243f6e576a"
          },
          "sensitive_attributes": [],
          "identity_schema_version": 0,
          "private": "eyJlMmJmYjczMC1lY2FhLTExZTYtOGY4OC0zNDM2M2JjN2M0YzAiOnsiY3JlYXRlIjo2MDAwMDAwMDAwMDAsImRlbGV0ZSI6MTIwMDAwMDAwMDAwMH0sInNjaGVtYV92ZXJzaW9uIjoiMSJ9",
          "dependencies": [
            "module.network.aws_vpc.main"
          ],
          "create_before_destroy": true
        }
      ]
    },
    {
      "module": "module.network",
      "mode": "managed",
      "type": "aws_subnet",
      "name": "private_data_b",
      "provider": "provider[\"registry.terraform.io/hashicorp/aws\"]",
      "instances": [
        {
          "schema_version": 1,
          "attributes": {
            "arn": "arn:aws:ec2:eu-west-3:170542423458:subnet/subnet-0a2d7e3f4ad400347",
            "assign_ipv6_address_on_creation": false,
            "availability_zone": "eu-west-3b",
            "availability_zone_id": "euw3-az2",
            "cidr_block": "10.0.6.0/24",
            "customer_owned_ipv4_pool": "",
            "enable_dns64": false,
            "enable_lni_at_device_index": 0,
            "enable_resource_name_dns_a_record_on_launch": false,
            "enable_resource_name_dns_aaaa_record_on_launch": false,
            "id": "subnet-0a2d7e3f4ad400347",
            "ipv6_cidr_block": "",
            "ipv6_cidr_block_association_id": "",
            "ipv6_native": false,
            "map_customer_owned_ip_on_launch": false,
            "map_public_ip_on_launch": false,
            "outpost_arn": "",
            "owner_id": "170542423458",
            "private_dns_hostname_type_on_launch": "ip-name",
            "tags": {
              "Name": "iac1-private-data-b"
            },
            "tags_all": {
              "Name": "iac1-private-data-b"
            },
            "timeouts": null,
            "vpc_id": "vpc-0c12f72243f6e576a"
          },
          "sensitive_attributes": [],
          "identity_schema_version": 0,
          "private": "eyJlMmJmYjczMC1lY2FhLTExZTYtOGY4OC0zNDM2M2JjN2M0YzAiOnsiY3JlYXRlIjo2MDAwMDAwMDAwMDAsImRlbGV0ZSI6MTIwMDAwMDAwMDAwMH0sInNjaGVtYV92ZXJzaW9uIjoiMSJ9",
          "dependencies": [
            "module.network.aws_vpc.main"
          ],
          "create_before_destroy": true
        }
      ]
    },
    {
      "module": "module.network",
      "mode": "managed",
      "type": "aws_subnet",
      "name": "public_a",
      "provider": "provider[\"registry.terraform.io/hashicorp/aws\"]",
      "instances": [
        {
          "schema_version": 1,
          "attributes": {
            "arn": "arn:aws:ec2:eu-west-3:170542423458:subnet/subnet-0229624a8122e34c8",
            "assign_ipv6_address_on_creation": false,
            "availability_zone": "eu-west-3a",
            "availability_zone_id": "euw3-az1",
            "cidr_block": "10.0.1.0/24",
            "customer_owned_ipv4_pool": "",
            "enable_dns64": false,
            "enable_lni_at_device_index": 0,
            "enable_resource_name_dns_a_record_on_launch": false,
            "enable_resource_name_dns_aaaa_record_on_launch": false,
            "id": "subnet-0229624a8122e34c8",
            "ipv6_cidr_block": "",
            "ipv6_cidr_block_association_id": "",
            "ipv6_native": false,
            "map_customer_owned_ip_on_launch": false,
            "map_public_ip_on_launch": true,
            "outpost_arn": "",
            "owner_id": "170542423458",
            "private_dns_hostname_type_on_launch": "ip-name",
            "tags": {
              "Name": "iac1-public-a"
            },
            "tags_all": {
              "Name": "iac1-public-a"
            },
            "timeouts": null,
            "vpc_id": "vpc-0c12f72243f6e576a"
          },
          "sensitive_attributes": [],
          "identity_schema_version": 0,
          "private": "eyJlMmJmYjczMC1lY2FhLTExZTYtOGY4OC0zNDM2M2JjN2M0YzAiOnsiY3JlYXRlIjo2MDAwMDAwMDAwMDAsImRlbGV0ZSI6MTIwMDAwMDAwMDAwMH0sInNjaGVtYV92ZXJzaW9uIjoiMSJ9",
          "dependencies": [
            "module.network.aws_vpc.main"
          ]
        }
      ]
    },
    {
      "module": "module.network",
      "mode": "managed",
      "type": "aws_subnet",
      "name": "public_b",
      "provider": "provider[\"registry.terraform.io/hashicorp/aws\"]",
      "instances": [
        {
          "schema_version": 1,
          "attributes": {
            "arn": "arn:aws:ec2:eu-west-3:170542423458:subnet/subnet-0d1615cc32597875b",
            "assign_ipv6_address_on_creation": false,
            "availability_zone": "eu-west-3b",
            "availability_zone_id": "euw3-az2",
            "cidr_block": "10.0.2.0/24",
            "customer_owned_ipv4_pool": "",
            "enable_dns64": false,
            "enable_lni_at_device_index": 0,
            "enable_resource_name_dns_a_record_on_launch": false,
            "enable_resource_name_dns_aaaa_record_on_launch": false,
            "id": "subnet-0d1615cc32597875b",
            "ipv6_cidr_block": "",
            "ipv6_cidr_block_association_id": "",
            "ipv6_native": false,
            "map_customer_owned_ip_on_launch": false,
            "map_public_ip_on_launch": true,
            "outpost_arn": "",
            "owner_id": "170542423458",
            "private_dns_hostname_type_on_launch": "ip-name",
            "tags": {
              "Name": "iac1-public-b"
            },
            "tags_all": {
              "Name": "iac1-public-b"
            },
            "timeouts": null,
            "vpc_id": "vpc-0c12f72243f6e576a"
          },
          "sensitive_attributes": [],
          "identity_schema_version": 0,
          "private": "eyJlMmJmYjczMC1lY2FhLTExZTYtOGY4OC0zNDM2M2JjN2M0YzAiOnsiY3JlYXRlIjo2MDAwMDAwMDAwMDAsImRlbGV0ZSI6MTIwMDAwMDAwMDAwMH0sInNjaGVtYV92ZXJzaW9uIjoiMSJ9",
          "dependencies": [
            "module.network.aws_vpc.main"
          ]
        }
      ]
    },
    {
      "module": "module.network",
      "mode": "managed",
      "type": "aws_vpc",
      "name": "main",
      "provider": "provider[\"registry.terraform.io/hashicorp/aws\"]",
      "instances": [
        {
          "schema_version": 1,
          "attributes": {
            "arn": "arn:aws:ec2:eu-west-3:170542423458:vpc/vpc-0c12f72243f6e576a",
            "assign_generated_ipv6_cidr_block": false,
            "cidr_block": "10.0.0.0/16",
            "default_network_acl_id": "acl-04548e5318f41426c",
            "default_route_table_id": "rtb-0386649de30b2770b",
            "default_security_group_id": "sg-022468e01696e2d20",
            "dhcp_options_id": "dopt-030e49bb7b7c8455a",
            "enable_dns_hostnames": true,
            "enable_dns_support": true,
            "enable_network_address_usage_metrics": false,
            "id": "vpc-0c12f72243f6e576a",
            "instance_tenancy": "default",
            "ipv4_ipam_pool_id": null,
            "ipv4_netmask_length": null,
            "ipv6_association_id": "",
            "ipv6_cidr_block": "",
            "ipv6_cidr_block_network_border_group": "",
            "ipv6_ipam_pool_id": "",
            "ipv6_netmask_length": 0,
            "main_route_table_id": "rtb-0386649de30b2770b",
            "owner_id": "170542423458",
            "tags": {
              "Name": "iac1-vpc"
            },
            "tags_all": {
              "Name": "iac1-vpc"
            }
          },
          "sensitive_attributes": [],
          "identity_schema_version": 0,
          "private": "eyJzY2hlbWFfdmVyc2lvbiI6IjEifQ==",
          "create_before_destroy": true
        }
      ]
    },
    {
      "module": "module.secrets",
      "mode": "managed",
      "type": "aws_iam_instance_profile",
      "name": "ec2_profile",
      "provider": "provider[\"registry.terraform.io/hashicorp/aws\"]",
      "instances": [
        {
          "schema_version": 0,
          "attributes": {
            "arn": "arn:aws:iam::170542423458:instance-profile/iac1-ec2-profile",
            "create_date": "2026-06-01T09:34:41Z",
            "id": "iac1-ec2-profile",
            "name": "iac1-ec2-profile",
            "name_prefix": "",
            "path": "/",
            "role": "iac1-ec2-role",
            "tags": {
              "Name": "iac1-ec2-profile"
            },
            "tags_all": {
              "Name": "iac1-ec2-profile"
            },
            "unique_id": "AIPASPNI63WRAWEG52V7L"
          },
          "sensitive_attributes": [],
          "identity_schema_version": 0,
          "private": "bnVsbA==",
          "dependencies": [
            "module.secrets.aws_iam_role.ec2_role"
          ],
          "create_before_destroy": true
        }
      ]
    },
    {
      "module": "module.secrets",
      "mode": "managed",
      "type": "aws_iam_policy",
      "name": "secrets_read",
      "provider": "provider[\"registry.terraform.io/hashicorp/aws\"]",
      "instances": [
        {
          "schema_version": 0,
          "attributes": {
            "arn": "arn:aws:iam::170542423458:policy/iac1-secrets-read",
            "attachment_count": 0,
            "description": "Allow EC2 to read secrets from Secrets Manager",
            "id": "arn:aws:iam::170542423458:policy/iac1-secrets-read",
            "name": "iac1-secrets-read",
            "name_prefix": "",
            "path": "/",
            "policy": "{\"Statement\":[{\"Action\":[\"secretsmanager:GetSecretValue\",\"secretsmanager:DescribeSecret\"],\"Effect\":\"Allow\",\"Resource\":[\"arn:aws:secretsmanager:eu-west-3:170542423458:secret:iac1/db_password-ptqnpd\",\"arn:aws:secretsmanager:eu-west-3:170542423458:secret:iac1/session_secret-MtkQvd\"]}],\"Version\":\"2012-10-17\"}",
            "policy_id": "ANPASPNI63WRFICMKXULJ",
            "tags": null,
            "tags_all": {}
          },
          "sensitive_attributes": [],
          "identity_schema_version": 0,
          "private": "bnVsbA==",
          "dependencies": [
            "module.secrets.aws_secretsmanager_secret.db_password",
            "module.secrets.aws_secretsmanager_secret.session_secret"
          ]
        }
      ]
    },
    {
      "module": "module.secrets",
      "mode": "managed",
      "type": "aws_iam_role",
      "name": "ec2_role",
      "provider": "provider[\"registry.terraform.io/hashicorp/aws\"]",
      "instances": [
        {
          "schema_version": 0,
          "attributes": {
            "arn": "arn:aws:iam::170542423458:role/iac1-ec2-role",
            "assume_role_policy": "{\"Statement\":[{\"Action\":\"sts:AssumeRole\",\"Effect\":\"Allow\",\"Principal\":{\"Service\":\"ec2.amazonaws.com\"}}],\"Version\":\"2012-10-17\"}",
            "create_date": "2026-06-01T09:34:40Z",
            "description": "",
            "force_detach_policies": false,
            "id": "iac1-ec2-role",
            "inline_policy": [],
            "managed_policy_arns": [],
            "max_session_duration": 3600,
            "name": "iac1-ec2-role",
            "name_prefix": "",
            "path": "/",
            "permissions_boundary": "",
            "tags": {
              "Name": "iac1-ec2-role"
            },
            "tags_all": {
              "Name": "iac1-ec2-role"
            },
            "unique_id": "AROASPNI63WRL3YAPXH25"
          },
          "sensitive_attributes": [],
          "identity_schema_version": 0,
          "private": "bnVsbA==",
          "create_before_destroy": true
        }
      ]
    },
    {
      "module": "module.secrets",
      "mode": "managed",
      "type": "aws_iam_role_policy_attachment",
      "name": "secrets_read",
      "provider": "provider[\"registry.terraform.io/hashicorp/aws\"]",
      "instances": [
        {
          "schema_version": 0,
          "attributes": {
            "id": "iac1-ec2-role-20260601093442360900000005",
            "policy_arn": "arn:aws:iam::170542423458:policy/iac1-secrets-read",
            "role": "iac1-ec2-role"
          },
          "sensitive_attributes": [],
          "identity_schema_version": 0,
          "private": "bnVsbA==",
          "dependencies": [
            "module.secrets.aws_iam_policy.secrets_read",
            "module.secrets.aws_iam_role.ec2_role",
            "module.secrets.aws_secretsmanager_secret.db_password",
            "module.secrets.aws_secretsmanager_secret.session_secret"
          ]
        }
      ]
    },
    {
      "module": "module.secrets",
      "mode": "managed",
      "type": "aws_secretsmanager_secret",
      "name": "db_password",
      "provider": "provider[\"registry.terraform.io/hashicorp/aws\"]",
      "instances": [
        {
          "schema_version": 0,
          "attributes": {
            "arn": "arn:aws:secretsmanager:eu-west-3:170542423458:secret:iac1/db_password-ptqnpd",
            "description": "MySQL database password",
            "force_overwrite_replica_secret": false,
            "id": "arn:aws:secretsmanager:eu-west-3:170542423458:secret:iac1/db_password-ptqnpd",
            "kms_key_id": "",
            "name": "iac1/db_password",
            "name_prefix": "",
            "policy": "",
            "recovery_window_in_days": 0,
            "replica": [],
            "tags": {
              "Name": "iac1-db-password"
            },
            "tags_all": {
              "Name": "iac1-db-password"
            }
          },
          "sensitive_attributes": [],
          "identity_schema_version": 0,
          "private": "bnVsbA==",
          "create_before_destroy": true
        }
      ]
    },
    {
      "module": "module.secrets",
      "mode": "managed",
      "type": "aws_secretsmanager_secret",
      "name": "session_secret",
      "provider": "provider[\"registry.terraform.io/hashicorp/aws\"]",
      "instances": [
        {
          "schema_version": 0,
          "attributes": {
            "arn": "arn:aws:secretsmanager:eu-west-3:170542423458:secret:iac1/session_secret-MtkQvd",
            "description": "Express session secret shared across all app instances",
            "force_overwrite_replica_secret": false,
            "id": "arn:aws:secretsmanager:eu-west-3:170542423458:secret:iac1/session_secret-MtkQvd",
            "kms_key_id": "",
            "name": "iac1/session_secret",
            "name_prefix": "",
            "policy": "",
            "recovery_window_in_days": 0,
            "replica": [],
            "tags": {
              "Name": "iac1-session-secret"
            },
            "tags_all": {
              "Name": "iac1-session-secret"
            }
          },
          "sensitive_attributes": [],
          "identity_schema_version": 0,
          "private": "bnVsbA==",
          "create_before_destroy": true
        }
      ]
    },
    {
      "module": "module.secrets",
      "mode": "managed",
      "type": "aws_secretsmanager_secret_version",
      "name": "db_password",
      "provider": "provider[\"registry.terraform.io/hashicorp/aws\"]",
      "instances": [
        {
          "schema_version": 0,
          "attributes": {
            "arn": "arn:aws:secretsmanager:eu-west-3:170542423458:secret:iac1/db_password-ptqnpd",
            "has_secret_string_wo": null,
            "id": "arn:aws:secretsmanager:eu-west-3:170542423458:secret:iac1/db_password-ptqnpd|terraform-20260601093440847300000004",
            "secret_binary": "",
            "secret_id": "arn:aws:secretsmanager:eu-west-3:170542423458:secret:iac1/db_password-ptqnpd",
            "secret_string": "qwertyqwerty",
            "secret_string_wo": null,
            "secret_string_wo_version": null,
            "version_id": "terraform-20260601093440847300000004",
            "version_stages": [
              "AWSCURRENT"
            ]
          },
          "sensitive_attributes": [
            [
              {
                "type": "get_attr",
                "value": "secret_binary"
              }
            ],
            [
              {
                "type": "get_attr",
                "value": "secret_string"
              }
            ],
            [
              {
                "type": "get_attr",
                "value": "secret_string_wo"
              }
            ]
          ],
          "identity_schema_version": 0,
          "private": "bnVsbA==",
          "dependencies": [
            "module.secrets.aws_secretsmanager_secret.db_password"
          ]
        }
      ]
    },
    {
      "module": "module.secrets",
      "mode": "managed",
      "type": "aws_secretsmanager_secret_version",
      "name": "session_secret",
      "provider": "provider[\"registry.terraform.io/hashicorp/aws\"]",
      "instances": [
        {
          "schema_version": 0,
          "attributes": {
            "arn": "arn:aws:secretsmanager:eu-west-3:170542423458:secret:iac1/session_secret-MtkQvd",
            "has_secret_string_wo": null,
            "id": "arn:aws:secretsmanager:eu-west-3:170542423458:secret:iac1/session_secret-MtkQvd|terraform-20260601093440823500000003",
            "secret_binary": "",
            "secret_id": "arn:aws:secretsmanager:eu-west-3:170542423458:secret:iac1/session_secret-MtkQvd",
            "secret_string": "b0c2fcff6d704906cdcfe815f92985d9d3ff7f519bbb9c9b8361942605ec6ce28ade74567826fb4a36e1",
            "secret_string_wo": null,
            "secret_string_wo_version": null,
            "version_id": "terraform-20260601093440823500000003",
            "version_stages": [
              "AWSCURRENT"
            ]
          },
          "sensitive_attributes": [
            [
              {
                "type": "get_attr",
                "value": "secret_binary"
              }
            ],
            [
              {
                "type": "get_attr",
                "value": "secret_string"
              }
            ],
            [
              {
                "type": "get_attr",
                "value": "secret_string_wo"
              }
            ]
          ],
          "identity_schema_version": 0,
          "private": "bnVsbA==",
          "dependencies": [
            "module.secrets.aws_secretsmanager_secret.session_secret"
          ]
        }
      ]
    },
    {
      "module": "module.security",
      "mode": "managed",
      "type": "aws_security_group",
      "name": "alb",
      "provider": "provider[\"registry.terraform.io/hashicorp/aws\"]",
      "instances": [
        {
          "schema_version": 1,
          "attributes": {
            "arn": "arn:aws:ec2:eu-west-3:170542423458:security-group/sg-02cd7ddd5a9e2f8ff",
            "description": "Allow HTTP from internet to load balancer",
            "egress": [
              {
                "cidr_blocks": [
                  "0.0.0.0/0"
                ],
                "description": "Allow all outbound",
                "from_port": 0,
                "ipv6_cidr_blocks": [],
                "prefix_list_ids": [],
                "protocol": "-1",
                "security_groups": [],
                "self": false,
                "to_port": 0
              }
            ],
            "id": "sg-02cd7ddd5a9e2f8ff",
            "ingress": [
              {
                "cidr_blocks": [
                  "0.0.0.0/0"
                ],
                "description": "HTTP from internet",
                "from_port": 80,
                "ipv6_cidr_blocks": [],
                "prefix_list_ids": [],
                "protocol": "tcp",
                "security_groups": [],
                "self": false,
                "to_port": 80
              }
            ],
            "name": "iac1-sg-alb",
            "name_prefix": "",
            "owner_id": "170542423458",
            "revoke_rules_on_delete": false,
            "tags": {
              "Name": "iac1-sg-alb"
            },
            "tags_all": {
              "Name": "iac1-sg-alb"
            },
            "timeouts": null,
            "vpc_id": "vpc-0c12f72243f6e576a"
          },
          "sensitive_attributes": [],
          "identity_schema_version": 0,
          "private": "eyJlMmJmYjczMC1lY2FhLTExZTYtOGY4OC0zNDM2M2JjN2M0YzAiOnsiY3JlYXRlIjo2MDAwMDAwMDAwMDAsImRlbGV0ZSI6OTAwMDAwMDAwMDAwfSwic2NoZW1hX3ZlcnNpb24iOiIxIn0=",
          "dependencies": [
            "module.network.aws_vpc.main"
          ],
          "create_before_destroy": true
        }
      ]
    },
    {
      "module": "module.security",
      "mode": "managed",
      "type": "aws_security_group",
      "name": "app",
      "provider": "provider[\"registry.terraform.io/hashicorp/aws\"]",
      "instances": [
        {
          "schema_version": 1,
          "attributes": {
            "arn": "arn:aws:ec2:eu-west-3:170542423458:security-group/sg-01fb576cfdf76ec7f",
            "description": "Allow traffic from ALB to app servers",
            "egress": [
              {
                "cidr_blocks": [
                  "0.0.0.0/0"
                ],
                "description": "Allow all outbound",
                "from_port": 0,
                "ipv6_cidr_blocks": [],
                "prefix_list_ids": [],
                "protocol": "-1",
                "security_groups": [],
                "self": false,
                "to_port": 0
              }
            ],
            "id": "sg-01fb576cfdf76ec7f",
            "ingress": [
              {
                "cidr_blocks": [],
                "description": "App port from ALB only",
                "from_port": 3000,
                "ipv6_cidr_blocks": [],
                "prefix_list_ids": [],
                "protocol": "tcp",
                "security_groups": [
                  "sg-02cd7ddd5a9e2f8ff"
                ],
                "self": false,
                "to_port": 3000
              }
            ],
            "name": "iac1-sg-app",
            "name_prefix": "",
            "owner_id": "170542423458",
            "revoke_rules_on_delete": false,
            "tags": {
              "Name": "iac1-sg-app"
            },
            "tags_all": {
              "Name": "iac1-sg-app"
            },
            "timeouts": null,
            "vpc_id": "vpc-0c12f72243f6e576a"
          },
          "sensitive_attributes": [],
          "identity_schema_version": 0,
          "private": "eyJlMmJmYjczMC1lY2FhLTExZTYtOGY4OC0zNDM2M2JjN2M0YzAiOnsiY3JlYXRlIjo2MDAwMDAwMDAwMDAsImRlbGV0ZSI6OTAwMDAwMDAwMDAwfSwic2NoZW1hX3ZlcnNpb24iOiIxIn0=",
          "dependencies": [
            "module.network.aws_vpc.main",
            "module.security.aws_security_group.alb"
          ],
          "create_before_destroy": true
        }
      ]
    },
    {
      "module": "module.security",
      "mode": "managed",
      "type": "aws_security_group",
      "name": "rds",
      "provider": "provider[\"registry.terraform.io/hashicorp/aws\"]",
      "instances": [
        {
          "schema_version": 1,
          "attributes": {
            "arn": "arn:aws:ec2:eu-west-3:170542423458:security-group/sg-083e2ab13269dc4b7",
            "description": "Allow MySQL from app servers only",
            "egress": [
              {
                "cidr_blocks": [
                  "0.0.0.0/0"
                ],
                "description": "Allow all outbound",
                "from_port": 0,
                "ipv6_cidr_blocks": [],
                "prefix_list_ids": [],
                "protocol": "-1",
                "security_groups": [],
                "self": false,
                "to_port": 0
              }
            ],
            "id": "sg-083e2ab13269dc4b7",
            "ingress": [
              {
                "cidr_blocks": [],
                "description": "MySQL from app servers only",
                "from_port": 3306,
                "ipv6_cidr_blocks": [],
                "prefix_list_ids": [],
                "protocol": "tcp",
                "security_groups": [
                  "sg-01fb576cfdf76ec7f"
                ],
                "self": false,
                "to_port": 3306
              }
            ],
            "name": "iac1-sg-rds",
            "name_prefix": "",
            "owner_id": "170542423458",
            "revoke_rules_on_delete": false,
            "tags": {
              "Name": "iac1-sg-rds"
            },
            "tags_all": {
              "Name": "iac1-sg-rds"
            },
            "timeouts": null,
            "vpc_id": "vpc-0c12f72243f6e576a"
          },
          "sensitive_attributes": [],
          "identity_schema_version": 0,
          "private": "eyJlMmJmYjczMC1lY2FhLTExZTYtOGY4OC0zNDM2M2JjN2M0YzAiOnsiY3JlYXRlIjo2MDAwMDAwMDAwMDAsImRlbGV0ZSI6OTAwMDAwMDAwMDAwfSwic2NoZW1hX3ZlcnNpb24iOiIxIn0=",
          "dependencies": [
            "module.network.aws_vpc.main",
            "module.security.aws_security_group.alb",
            "module.security.aws_security_group.app"
          ],
          "create_before_destroy": true
        }
      ]
    },
    {
      "module": "module.security",
      "mode": "managed",
      "type": "aws_security_group",
      "name": "redis",
      "provider": "provider[\"registry.terraform.io/hashicorp/aws\"]",
      "instances": [
        {
          "schema_version": 1,
          "attributes": {
            "arn": "arn:aws:ec2:eu-west-3:170542423458:security-group/sg-09e7ee7671e92b53a",
            "description": "Allow Redis from app servers only",
            "egress": [
              {
                "cidr_blocks": [
                  "0.0.0.0/0"
                ],
                "description": "Allow all outbound",
                "from_port": 0,
                "ipv6_cidr_blocks": [],
                "prefix_list_ids": [],
                "protocol": "-1",
                "security_groups": [],
                "self": false,
                "to_port": 0
              }
            ],
            "id": "sg-09e7ee7671e92b53a",
            "ingress": [
              {
                "cidr_blocks": [],
                "description": "Redis from app servers only",
                "from_port": 6379,
                "ipv6_cidr_blocks": [],
                "prefix_list_ids": [],
                "protocol": "tcp",
                "security_groups": [
                  "sg-01fb576cfdf76ec7f"
                ],
                "self": false,
                "to_port": 6379
              }
            ],
            "name": "iac1-sg-redis",
            "name_prefix": "",
            "owner_id": "170542423458",
            "revoke_rules_on_delete": false,
            "tags": {
              "Name": "iac1-sg-redis"
            },
            "tags_all": {
              "Name": "iac1-sg-redis"
            },
            "timeouts": null,
            "vpc_id": "vpc-0c12f72243f6e576a"
          },
          "sensitive_attributes": [],
          "identity_schema_version": 0,
          "private": "eyJlMmJmYjczMC1lY2FhLTExZTYtOGY4OC0zNDM2M2JjN2M0YzAiOnsiY3JlYXRlIjo2MDAwMDAwMDAwMDAsImRlbGV0ZSI6OTAwMDAwMDAwMDAwfSwic2NoZW1hX3ZlcnNpb24iOiIxIn0=",
          "dependencies": [
            "module.network.aws_vpc.main",
            "module.security.aws_security_group.alb",
            "module.security.aws_security_group.app"
          ],
          "create_before_destroy": true
        }
      ]
    }
  ],
  "check_results": null
}
